// !$*UTF8*$!
{
	archiveVersion = 1;
	classes = {
	};
	objectVersion = 77;
	objects = {

/* Begin PBXBuildFile section */
		EBDE16CF2CB58D2B00C40C82 /* FirebaseAuth in Frameworks */ = {isa = PBXBuildFile; productRef = EBDE16CE2CB58D2B00C40C82 /* FirebaseAuth */; };
		EBDE16D12CB58D2B00C40C82 /* FirebaseDatabase in Frameworks */ = {isa = PBXBuildFile; productRef = EBDE16D02CB58D2B00C40C82 /* FirebaseDatabase */; };
		EBDE16D32CB58D2B00C40C82 /* FirebaseFirestore in Frameworks */ = {isa = PBXBuildFile; productRef = EBDE16D22CB58D2B00C40C82 /* FirebaseFirestore */; };
/* End PBXBuildFile section */

/* Begin PBXContainerItemProxy section */
		EBD03C742CAB7D2E00D2B1AC /* PBXContainerItemProxy */ = {
			isa = PBXContainerItemProxy;
			containerPortal = EBD03C5B2CAB7D2D00D2B1AC /* Project object */;
			proxyType = 1;
			remoteGlobalIDString = EBD03C622CAB7D2D00D2B1AC;
			remoteInfo = LaLiga;
		};
		EBD03C7E2CAB7D2E00D2B1AC /* PBXContainerItemProxy */ = {
			isa = PBXContainerItemProxy;
			containerPortal = EBD03C5B2CAB7D2D00D2B1AC /* Project object */;
			proxyType = 1;
			remoteGlobalIDString = EBD03C622CAB7D2D00D2B1AC;
			remoteInfo = LaLiga;
		};
/* End PBXContainerItemProxy section */

/* Begin PBXFileReference section */
		EBD03C632CAB7D2D00D2B1AC /* LaLiga.app */ = {isa = PBXFileReference; explicitFileType = wrapper.application; includeInIndex = 0; path = LaLiga.app; sourceTree = BUILT_PRODUCTS_DIR; };
		EBD03C732CAB7D2E00D2B1AC /* LaLigaTests.xctest */ = {isa = PBXFileReference; explicitFileType = wrapper.cfbundle; includeInIndex = 0; path = LaLigaTests.xctest; sourceTree = BUILT_PRODUCTS_DIR; };
		EBD03C7D2CAB7D2E00D2B1AC /* LaLigaUITests.xctest */ = {isa = PBXFileReference; explicitFileType = wrapper.cfbundle; includeInIndex = 0; path = LaLigaUITests.xctest; sourceTree = BUILT_PRODUCTS_DIR; };
/* End PBXFileReference section */

/* Begin PBXFileSystemSynchronizedRootGroup section */
		EBD03C652CAB7D2D00D2B1AC /* LaLiga */ = {
			isa = PBXFileSystemSynchronizedRootGroup;
			path = LaLiga;
			sourceTree = "<group>";
		};
/* End PBXFileSystemSynchronizedRootGroup section */

/* Begin PBXFrameworksBuildPhase section */
		EBD03C602CAB7D2D00D2B1AC /* Frameworks */ = {
			isa = PBXFrameworksBuildPhase;
			buildActionMask = 2147483647;
			files = (
				EBDE16D12CB58D2B00C40C82 /* FirebaseDatabase in Frameworks */,
				EBDE16CF2CB58D2B00C40C82 /* FirebaseAuth in Frameworks */,
				EBDE16D32CB58D2B00C40C82 /* FirebaseFirestore in Frameworks */,
			);
			runOnlyForDeploymentPostprocessing = 0;
		};
		EBD03C702CAB7D2E00D2B1AC /* Frameworks */ = {
			isa = PBXFrameworksBuildPhase;
			buildActionMask = 2147483647;
			files = (
			);
			runOnlyForDeploymentPostprocessing = 0;
		};
		EBD03C7A2CAB7D2E00D2B1AC /* Frameworks */ = {
			isa = PBXFrameworksBuildPhase;
			buildActionMask = 2147483647;
			files = (
			);
			runOnlyForDeploymentPostprocessing = 0;
		};
/* End PBXFrameworksBuildPhase section */

/* Begin PBXGroup section */
		EBD03C5A2CAB7D2D00D2B1AC = {
			isa = PBXGroup;
			children = (
				EBD03C652CAB7D2D00D2B1AC /* LaLiga */,
				EBD03C642CAB7D2D00D2B1AC /* Products */,
			);
			sourceTree = "<group>";
		};
		EBD03C642CAB7D2D00D2B1AC /* Products */ = {
			isa = PBXGroup;
			children = (
				EBD03C632CAB7D2D00D2B1AC /* LaLiga.app */,
				EBD03C732CAB7D2E00D2B1AC /* LaLigaTests.xctest */,
				EBD03C7D2CAB7D2E00D2B1AC /* LaLigaUITests.xctest */,
			);
			name = Products;
			sourceTree = "<group>";
		};
/* End PBXGroup section */

/* Begin PBXNativeTarget section */
		EBD03C622CAB7D2D00D2B1AC /* LaLiga */ = {
			isa = PBXNativeTarget;
			buildConfigurationList = EBD03C872CAB7D2E00D2B1AC /* Build configuration list for PBXNativeTarget "LaLiga" */;
			buildPhases = (
				EBD03C5F2CAB7D2D00D2B1AC /* Sources */,
				EBD03C602CAB7D2D00D2B1AC /* Frameworks */,
				EBD03C612CAB7D2D00D2B1AC /* Resources */,
			);
			buildRules = (
			);
			dependencies = (
			);
			fileSystemSynchronizedGroups = (
				EBD03C652CAB7D2D00D2B1AC /* LaLiga */,
			);
			name = LaLiga;
			packageProductDependencies = (
				EBDE16CE2CB58D2B00C40C82 /* FirebaseAuth */,
				EBDE16D02CB58D2B00C40C82 /* FirebaseDatabase */,
				EBDE16D22CB58D2B00C40C82 /* FirebaseFirestore */,
			);
			productName = LaLiga;
			productReference = EBD03C632CAB7D2D00D2B1AC /* LaLiga.app */;
			productType = "com.apple.product-type.application";
		};
		EBD03C722CAB7D2E00D2B1AC /* LaLigaTests */ = {
			isa = PBXNativeTarget;
			buildConfigurationList = EBD03C8A2CAB7D2E00D2B1AC /* Build configuration list for PBXNativeTarget "LaLigaTests" */;
			buildPhases = (
				EBD03C6F2CAB7D2E00D2B1AC /* Sources */,
				EBD03C702CAB7D2E00D2B1AC /* Frameworks */,
				EBD03C712CAB7D2E00D2B1AC /* Resources */,
			);
			buildRules = (
			);
			dependencies = (
				EBD03C752CAB7D2E00D2B1AC /* PBXTargetDependency */,
			);
			name = LaLigaTests;
			packageProductDependencies = (
			);
			productName = LaLigaTests;
			productReference = EBD03C732CAB7D2E00D2B1AC /* LaLigaTests.xctest */;
			productType = "com.apple.product-type.bundle.unit-test";
		};
		EBD03C7C2CAB7D2E00D2B1AC /* LaLigaUITests */ = {
			isa = PBXNativeTarget;
			buildConfigurationList = EBD03C8D2CAB7D2E00D2B1AC /* Build configuration list for PBXNativeTarget "LaLigaUITests" */;
			buildPhases = (
				EBD03C792CAB7D2E00D2B1AC /* Sources */,
				EBD03C7A2CAB7D2E00D2B1AC /* Frameworks */,
				EBD03C7B2CAB7D2E00D2B1AC /* Resources */,
			);
			buildRules = (
			);
			dependencies = (
				EBD03C7F2CAB7D2E00D2B1AC /* PBXTargetDependency */,
			);
			name = LaLigaUITests;
			packageProductDependencies = (
			);
			productName = LaLigaUITests;
			productReference = EBD03C7D2CAB7D2E00D2B1AC /* LaLigaUITests.xctest */;
			productType = "com.apple.product-type.bundle.ui-testing";
		};
/* End PBXNativeTarget section */

/* Begin PBXProject section */
		EBD03C5B2CAB7D2D00D2B1AC /* Project object */ = {
			isa = PBXProject;
			attributes = {
				BuildIndependentTargetsInParallel = 1;
				LastSwiftUpdateCheck = 1600;
				LastUpgradeCheck = 1600;
				TargetAttributes = {
					EBD03C622CAB7D2D00D2B1AC = {
						CreatedOnToolsVersion = 16.0;
					};
					EBD03C722CAB7D2E00D2B1AC = {
						CreatedOnToolsVersion = 16.0;
						TestTargetID = EBD03C622CAB7D2D00D2B1AC;
					};
					EBD03C7C2CAB7D2E00D2B1AC = {
						CreatedOnToolsVersion = 16.0;
						TestTargetID = EBD03C622CAB7D2D00D2B1AC;
					};
				};
			};
			buildConfigurationList = EBD03C5E2CAB7D2D00D2B1AC /* Build configuration list for PBXProject "LaLiga" */;
			developmentRegion = en;
			hasScannedForEncodings = 0;
			knownRegions = (
				en,
				Base,
			);
			mainGroup = EBD03C5A2CAB7D2D00D2B1AC;
			minimizedProjectReferenceProxies = 1;
			packageReferences = (
				EBDE16CD2CB58D2B00C40C82 /* XCRemoteSwiftPackageReference "firebase-ios-sdk" */,
			);
			preferredProjectObjectVersion = 77;
			productRefGroup = EBD03C642CAB7D2D00D2B1AC /* Products */;
			projectDirPath = "";
			projectRoot = "";
			targets = (
				EBD03C622CAB7D2D00D2B1AC /* LaLiga */,
				EBD03C722CAB7D2E00D2B1AC /* LaLigaTests */,
				EBD03C7C2CAB7D2E00D2B1AC /* LaLigaUITests */,
			);
		};
/* End PBXProject section */

/* Begin PBXResourcesBuildPhase section */
		EBD03C612CAB7D2D00D2B1AC /* Resources */ = {
			isa = PBXResourcesBuildPhase;
			buildActionMask = 2147483647;
			files = (
			);
			runOnlyForDeploymentPostprocessing = 0;
		};
		EBD03C712CAB7D2E00D2B1AC /* Resources */ = {
			isa = PBXResourcesBuildPhase;
			buildActionMask = 2147483647;
			files = (
			);
			runOnlyForDeploymentPostprocessing = 0;
		};
		EBD03C7B2CAB7D2E00D2B1AC /* Resources */ = {
			isa = PBXResourcesBuildPhase;
			buildActionMask = 2147483647;
			files = (
			);
			runOnlyForDeploymentPostprocessing = 0;
		};
/* End PBXResourcesBuildPhase section */

/* Begin PBXSourcesBuildPhase section */
		EBD03C5F2CAB7D2D00D2B1AC /* Sources */ = {
			isa = PBXSourcesBuildPhase;
			buildActionMask = 2147483647;
			files = (
			);
			runOnlyForDeploymentPostprocessing = 0;
		};
		EBD03C6F2CAB7D2E00D2B1AC /* Sources */ = {
			isa = PBXSourcesBuildPhase;
			buildActionMask = 2147483647;
			files = (
			);
			runOnlyForDeploymentPostprocessing = 0;
		};
		EBD03C792CAB7D2E00D2B1AC /* Sources */ = {
			isa = PBXSourcesBuildPhase;
			buildActionMask = 2147483647;
			files = (
			);
			runOnlyForDeploymentPostprocessing = 0;
		};
/* End PBXSourcesBuildPhase section */

/* Begin PBXTargetDependency section */
		EBD03C752CAB7D2E00D2B1AC /* PBXTargetDependency */ = {
			isa = PBXTargetDependency;
			target = EBD03C622CAB7D2D00D2B1AC /* LaLiga */;
			targetProxy = EBD03C742CAB7D2E00D2B1AC /* PBXContainerItemProxy */;
		};
		EBD03C7F2CAB7D2E00D2B1AC /* PBXTargetDependency */ = {
			isa = PBXTargetDependency;
			target = EBD03C622CAB7D2D00D2B1AC /* LaLiga */;
			targetProxy = EBD03C7E2CAB7D2E00D2B1AC /* PBXContainerItemProxy */;
		};
/* End PBXTargetDependency section */

/* Begin XCBuildConfiguration section */
		EBD03C852CAB7D2E00D2B1AC /* Debug */ = {
			isa = XCBuildConfiguration;
			buildSettings = {
				ALWAYS_SEARCH_USER_PATHS = NO;
				ASSETCATALOG_COMPILER_GENERATE_SWIFT_ASSET_SYMBOL_EXTENSIONS = YES;
				CLANG_ANALYZER_NONNULL = YES;
				CLANG_ANALYZER_NUMBER_OBJECT_CONVERSION = YES_AGGRESSIVE;
				CLANG_CXX_LANGUAGE_STANDARD = "gnu++20";
				CLANG_ENABLE_MODULES = YES;
				CLANG_ENABLE_OBJC_ARC = YES;
				CLANG_ENABLE_OBJC_WEAK = YES;
				CLANG_WARN_BLOCK_CAPTURE_AUTORELEASING = YES;
				CLANG_WARN_BOOL_CONVERSION = YES;
				CLANG_WARN_COMMA = YES;
				CLANG_WARN_CONSTANT_CONVERSION = YES;
				CLANG_WARN_DEPRECATED_OBJC_IMPLEMENTATIONS = YES;
				CLANG_WARN_DIRECT_OBJC_ISA_USAGE = YES_ERROR;
				CLANG_WARN_DOCUMENTATION_COMMENTS = YES;
				CLANG_WARN_EMPTY_BODY = YES;
				CLANG_WARN_ENUM_CONVERSION = YES;
				CLANG_WARN_INFINITE_RECURSION = YES;
				CLANG_WARN_INT_CONVERSION = YES;
				CLANG_WARN_NON_LITERAL_NULL_CONVERSION = YES;
				CLANG_WARN_OBJC_IMPLICIT_RETAIN_SELF = YES;
				CLANG_WARN_OBJC_LITERAL_CONVERSION = YES;
				CLANG_WARN_OBJC_ROOT_CLASS = YES_ERROR;
				CLANG_WARN_QUOTED_INCLUDE_IN_FRAMEWORK_HEADER = YES;
				CLANG_WARN_RANGE_LOOP_ANALYSIS = YES;
				CLANG_WARN_STRICT_PROTOTYPES = YES;
				CLANG_WARN_SUSPICIOUS_MOVE = YES;
				CLANG_WARN_UNGUARDED_AVAILABILITY = YES_AGGRESSIVE;
				CLANG_WARN_UNREACHABLE_CODE = YES;
				CLANG_WARN__DUPLICATE_METHOD_MATCH = YES;
				COPY_PHASE_STRIP = NO;
				DEBUG_INFORMATION_FORMAT = dwarf;
				ENABLE_STRICT_OBJC_MSGSEND = YES;
				ENABLE_TESTABILITY = YES;
				ENABLE_USER_SCRIPT_SANDBOXING = YES;
				GCC_C_LANGUAGE_STANDARD = gnu17;
				GCC_DYNAMIC_NO_PIC = NO;
				GCC_NO_COMMON_BLOCKS = YES;
				GCC_OPTIMIZATION_LEVEL = 0;
				GCC_PREPROCESSOR_DEFINITIONS = (
					"DEBUG=1",
					"$(inherited)",
				);
				GCC_WARN_64_TO_32_BIT_CONVERSION = YES;
				GCC_WARN_ABOUT_RETURN_TYPE = YES_ERROR;
				GCC_WARN_UNDECLARED_SELECTOR = YES;
				GCC_WARN_UNINITIALIZED_AUTOS = YES_AGGRESSIVE;
				GCC_WARN_UNUSED_FUNCTION = YES;
				GCC_WARN_UNUSED_VARIABLE = YES;
				IPHONEOS_DEPLOYMENT_TARGET = 18.0;
				LOCALIZATION_PREFERS_STRING_CATALOGS = YES;
				MTL_ENABLE_DEBUG_INFO = INCLUDE_SOURCE;
				MTL_FAST_MATH = YES;
				ONLY_ACTIVE_ARCH = YES;
				SDKROOT = iphoneos;
				SWIFT_ACTIVE_COMPILATION_CONDITIONS = "DEBUG $(inherited)";
				SWIFT_OPTIMIZATION_LEVEL = "-Onone";
			};
			name = Debug;
		};
		EBD03C862CAB7D2E00D2B1AC /* Release */ = {
			isa = XCBuildConfiguration;
			buildSettings = {
				ALWAYS_SEARCH_USER_PATHS = NO;
				ASSETCATALOG_COMPILER_GENERATE_SWIFT_ASSET_SYMBOL_EXTENSIONS = YES;
				CLANG_ANALYZER_NONNULL = YES;
				CLANG_ANALYZER_NUMBER_OBJECT_CONVERSION = YES_AGGRESSIVE;
				CLANG_CXX_LANGUAGE_STANDARD = "gnu++20";
				CLANG_ENABLE_MODULES = YES;
				CLANG_ENABLE_OBJC_ARC = YES;
				CLANG_ENABLE_OBJC_WEAK = YES;
				CLANG_WARN_BLOCK_CAPTURE_AUTORELEASING = YES;
				CLANG_WARN_BOOL_CONVERSION = YES;
				CLANG_WARN_COMMA = YES;
				CLANG_WARN_CONSTANT_CONVERSION = YES;
				CLANG_WARN_DEPRECATED_OBJC_IMPLEMENTATIONS = YES;
				CLANG_WARN_DIRECT_OBJC_ISA_USAGE = YES_ERROR;
				CLANG_WARN_DOCUMENTATION_COMMENTS = YES;
				CLANG_WARN_EMPTY_BODY = YES;
				CLANG_WARN_ENUM_CONVERSION = YES;
				CLANG_WARN_INFINITE_RECURSION = YES;
				CLANG_WARN_INT_CONVERSION = YES;
				CLANG_WARN_NON_LITERAL_NULL_CONVERSION = YES;
				CLANG_WARN_OBJC_IMPLICIT_RETAIN_SELF = YES;
				CLANG_WARN_OBJC_LITERAL_CONVERSION = YES;
				CLANG_WARN_OBJC_ROOT_CLASS = YES_ERROR;
				CLANG_WARN_QUOTED_INCLUDE_IN_FRAMEWORK_HEADER = YES;
				CLANG_WARN_RANGE_LOOP_ANALYSIS = YES;
				CLANG_WARN_STRICT_PROTOTYPES = YES;
				CLANG_WARN_SUSPICIOUS_MOVE = YES;
				CLANG_WARN_UNGUARDED_AVAILABILITY = YES_AGGRESSIVE;
				CLANG_WARN_UNREACHABLE_CODE = YES;
				CLANG_WARN__DUPLICATE_METHOD_MATCH = YES;
				COPY_PHASE_STRIP = NO;
				DEBUG_INFORMATION_FORMAT = "dwarf-with-dsym";
				ENABLE_NS_ASSERTIONS = NO;
				ENABLE_STRICT_OBJC_MSGSEND = YES;
				ENABLE_USER_SCRIPT_SANDBOXING = YES;
				GCC_C_LANGUAGE_STANDARD = gnu17;
				GCC_NO_COMMON_BLOCKS = YES;
				GCC_WARN_64_TO_32_BIT_CONVERSION = YES;
				GCC_WARN_ABOUT_RETURN_TYPE = YES_ERROR;
				GCC_WARN_UNDECLARED_SELECTOR = YES;
				GCC_WARN_UNINITIALIZED_AUTOS = YES_AGGRESSIVE;
				GCC_WARN_UNUSED_FUNCTION = YES;
				GCC_WARN_UNUSED_VARIABLE = YES;
				IPHONEOS_DEPLOYMENT_TARGET = 18.0;
				LOCALIZATION_PREFERS_STRING_CATALOGS = YES;
				MTL_ENABLE_DEBUG_INFO = NO;
				MTL_FAST_MATH = YES;
				SDKROOT = iphoneos;
				SWIFT_COMPILATION_MODE = wholemodule;
				VALIDATE_PRODUCT = YES;
			};
			name = Release;
		};
		EBD03C882CAB7D2E00D2B1AC /* Debug */ = {
			isa = XCBuildConfiguration;
			buildSettings = {
				ASSETCATALOG_COMPILER_APPICON_NAME = AppIcon;
				ASSETCATALOG_COMPILER_GLOBAL_ACCENT_COLOR_NAME = AccentColor;
				CODE_SIGN_STYLE = Automatic;
				CURRENT_PROJECT_VERSION = 1;
				DEVELOPMENT_ASSET_PATHS = "\"LaLiga/Preview Content\"";
				DEVELOPMENT_TEAM = XH9NTUSR26;
				ENABLE_PREVIEWS = YES;
				GENERATE_INFOPLIST_FILE = YES;
				INFOPLIST_KEY_UIApplicationSceneManifest_Generation = YES;
				INFOPLIST_KEY_UIApplicationSupportsIndirectInputEvents = YES;
				INFOPLIST_KEY_UILaunchScreen_Generation = YES;
				INFOPLIST_KEY_UISupportedInterfaceOrientations_iPad = "UIInterfaceOrientationPortrait UIInterfaceOrientationPortraitUpsideDown UIInterfaceOrientationLandscapeLeft UIInterfaceOrientationLandscapeRight";
				INFOPLIST_KEY_UISupportedInterfaceOrientations_iPhone = "UIInterfaceOrientationPortrait UIInterfaceOrientationLandscapeLeft UIInterfaceOrientationLandscapeRight";
				LD_RUNPATH_SEARCH_PATHS = (
					"$(inherited)",
					"@executable_path/Frameworks",
				);
				MARKETING_VERSION = 1.0;
				PRODUCT_BUNDLE_IDENTIFIER = tec.mx.LaLiga;
				PRODUCT_NAME = "$(TARGET_NAME)";
				SWIFT_EMIT_LOC_STRINGS = YES;
				SWIFT_VERSION = 5.0;
				TARGETED_DEVICE_FAMILY = "1,2";
			};
			name = Debug;
		};
		EBD03C892CAB7D2E00D2B1AC /* Release */ = {
			isa = XCBuildConfiguration;
			buildSettings = {
				ASSETCATALOG_COMPILER_APPICON_NAME = AppIcon;
				ASSETCATALOG_COMPILER_GLOBAL_ACCENT_COLOR_NAME = AccentColor;
				CODE_SIGN_STYLE = Automatic;
				CURRENT_PROJECT_VERSION = 1;
				DEVELOPMENT_ASSET_PATHS = "\"LaLiga/Preview Content\"";
				DEVELOPMENT_TEAM = XH9NTUSR26;
				ENABLE_PREVIEWS = YES;
				GENERATE_INFOPLIST_FILE = YES;
				INFOPLIST_KEY_UIApplicationSceneManifest_Generation = YES;
				INFOPLIST_KEY_UIApplicationSupportsIndirectInputEvents = YES;
				INFOPLIST_KEY_UILaunchScreen_Generation = YES;
				INFOPLIST_KEY_UISupportedInterfaceOrientations_iPad = "UIInterfaceOrientationPortrait UIInterfaceOrientationPortraitUpsideDown UIInterfaceOrientationLandscapeLeft UIInterfaceOrientationLandscapeRight";
				INFOPLIST_KEY_UISupportedInterfaceOrientations_iPhone = "UIInterfaceOrientationPortrait UIInterfaceOrientationLandscapeLeft UIInterfaceOrientationLandscapeRight";
				LD_RUNPATH_SEARCH_PATHS = (
					"$(inherited)",
					"@executable_path/Frameworks",
				);
				MARKETING_VERSION = 1.0;
				PRODUCT_BUNDLE_IDENTIFIER = tec.mx.LaLiga;
				PRODUCT_NAME = "$(TARGET_NAME)";
				SWIFT_EMIT_LOC_STRINGS = YES;
				SWIFT_VERSION = 5.0;
				TARGETED_DEVICE_FAMILY = "1,2";
			};
			name = Release;
		};
		EBD03C8B2CAB7D2E00D2B1AC /* Debug */ = {
			isa = XCBuildConfiguration;
			buildSettings = {
				BUNDLE_LOADER = "$(TEST_HOST)";
				CODE_SIGN_STYLE = Automatic;
				CURRENT_PROJECT_VERSION = 1;
				DEVELOPMENT_TEAM = XH9NTUSR26;
				GENERATE_INFOPLIST_FILE = YES;
				IPHONEOS_DEPLOYMENT_TARGET = 18.0;
				MARKETING_VERSION = 1.0;
				PRODUCT_BUNDLE_IDENTIFIER = tec.mx.LaLigaTests;
				PRODUCT_NAME = "$(TARGET_NAME)";
				SWIFT_EMIT_LOC_STRINGS = NO;
				SWIFT_VERSION = 5.0;
				TARGETED_DEVICE_FAMILY = "1,2";
				TEST_HOST = "$(BUILT_PRODUCTS_DIR)/LaLiga.app/$(BUNDLE_EXECUTABLE_FOLDER_PATH)/LaLiga";
			};
			name = Debug;
		};
		EBD03C8C2CAB7D2E00D2B1AC /* Release */ = {
			isa = XCBuildConfiguration;
			buildSettings = {
				BUNDLE_LOADER = "$(TEST_HOST)";
				CODE_SIGN_STYLE = Automatic;
				CURRENT_PROJECT_VERSION = 1;
				DEVELOPMENT_TEAM = XH9NTUSR26;
				GENERATE_INFOPLIST_FILE = YES;
				IPHONEOS_DEPLOYMENT_TARGET = 18.0;
				MARKETING_VERSION = 1.0;
				PRODUCT_BUNDLE_IDENTIFIER = tec.mx.LaLigaTests;
				PRODUCT_NAME = "$(TARGET_NAME)";
				SWIFT_EMIT_LOC_STRINGS = NO;
				SWIFT_VERSION = 5.0;
				TARGETED_DEVICE_FAMILY = "1,2";
				TEST_HOST = "$(BUILT_PRODUCTS_DIR)/LaLiga.app/$(BUNDLE_EXECUTABLE_FOLDER_PATH)/LaLiga";
			};
			name = Release;
		};
		EBD03C8E2CAB7D2E00D2B1AC /* Debug */ = {
			isa = XCBuildConfiguration;
			buildSettings = {
				CODE_SIGN_STYLE = Automatic;
				CURRENT_PROJECT_VERSION = 1;
				DEVELOPMENT_TEAM = XH9NTUSR26;
				GENERATE_INFOPLIST_FILE = YES;
				MARKETING_VERSION = 1.0;
				PRODUCT_BUNDLE_IDENTIFIER = tec.mx.LaLigaUITests;
				PRODUCT_NAME = "$(TARGET_NAME)";
				SWIFT_EMIT_LOC_STRINGS = NO;
				SWIFT_VERSION = 5.0;
				TARGETED_DEVICE_FAMILY = "1,2";
				TEST_TARGET_NAME = LaLiga;
			};
			name = Debug;
		};
		EBD03C8F2CAB7D2E00D2B1AC /* Release */ = {
			isa = XCBuildConfiguration;
			buildSettings = {
				CODE_SIGN_STYLE = Automatic;
				CURRENT_PROJECT_VERSION = 1;
				DEVELOPMENT_TEAM = XH9NTUSR26;
				GENERATE_INFOPLIST_FILE = YES;
				MARKETING_VERSION = 1.0;
				PRODUCT_BUNDLE_IDENTIFIER = tec.mx.LaLigaUITests;
				PRODUCT_NAME = "$(TARGET_NAME)";
				SWIFT_EMIT_LOC_STRINGS = NO;
				SWIFT_VERSION = 5.0;
				TARGETED_DEVICE_FAMILY = "1,2";
				TEST_TARGET_NAME = LaLiga;
			};
			name = Release;
		};
/* End XCBuildConfiguration section */

/* Begin XCConfigurationList section */
		EBD03C5E2CAB7D2D00D2B1AC /* Build configuration list for PBXProject "LaLiga" */ = {
			isa = XCConfigurationList;
			buildConfigurations = (
				EBD03C852CAB7D2E00D2B1AC /* Debug */,
				EBD03C862CAB7D2E00D2B1AC /* Release */,
			);
			defaultConfigurationIsVisible = 0;
			defaultConfigurationName = Release;
		};
		EBD03C872CAB7D2E00D2B1AC /* Build configuration list for PBXNativeTarget "LaLiga" */ = {
			isa = XCConfigurationList;
			buildConfigurations = (
				EBD03C882CAB7D2E00D2B1AC /* Debug */,
				EBD03C892CAB7D2E00D2B1AC /* Release */,
			);
			defaultConfigurationIsVisible = 0;
			defaultConfigurationName = Release;
		};
		EBD03C8A2CAB7D2E00D2B1AC /* Build configuration list for PBXNativeTarget "LaLigaTests" */ = {
			isa = XCConfigurationList;
			buildConfigurations = (
				EBD03C8B2CAB7D2E00D2B1AC /* Debug */,
				EBD03C8C2CAB7D2E00D2B1AC /* Release */,
			);
			defaultConfigurationIsVisible = 0;
			defaultConfigurationName = Release;
		};
		EBD03C8D2CAB7D2E00D2B1AC /* Build configuration list for PBXNativeTarget "LaLigaUITests" */ = {
			isa = XCConfigurationList;
			buildConfigurations = (
				EBD03C8E2CAB7D2E00D2B1AC /* Debug */,
				EBD03C8F2CAB7D2E00D2B1AC /* Release */,
			);
			defaultConfigurationIsVisible = 0;
			defaultConfigurationName = Release;
		};
/* End XCConfigurationList section */

/* Begin XCRemoteSwiftPackageReference section */
		EBDE16CD2CB58D2B00C40C82 /* XCRemoteSwiftPackageReference "firebase-ios-sdk" */ = {
			isa = XCRemoteSwiftPackageReference;
			repositoryURL = "https://github.com/firebase/firebase-ios-sdk";
			requirement = {
				kind = upToNextMajorVersion;
				minimumVersion = 11.3.0;
			};
		};
/* End XCRemoteSwiftPackageReference section */

/* Begin XCSwiftPackageProductDependency section */
		EBDE16CE2CB58D2B00C40C82 /* FirebaseAuth */ = {
			isa = XCSwiftPackageProductDependency;
			package = EBDE16CD2CB58D2B00C40C82 /* XCRemoteSwiftPackageReference "firebase-ios-sdk" */;
			productName = FirebaseAuth;
		};
		EBDE16D02CB58D2B00C40C82 /* FirebaseDatabase */ = {
			isa = XCSwiftPackageProductDependency;
			package = EBDE16CD2CB58D2B00C40C82 /* XCRemoteSwiftPackageReference "firebase-ios-sdk" */;
			productName = FirebaseDatabase;
		};
		EBDE16D22CB58D2B00C40C82 /* FirebaseFirestore */ = {
			isa = XCSwiftPackageProductDependency;
			package = EBDE16CD2CB58D2B00C40C82 /* XCRemoteSwiftPackageReference "firebase-ios-sdk" */;
			productName = FirebaseFirestore;
		};
/* End XCSwiftPackageProductDependency section */
	};
	rootObject = EBD03C5B2CAB7D2D00D2B1AC /* Project object */;
}
