// !$*UTF8*$!
{
	archiveVersion = 1;
	classes = {
	};
	objectVersion = 56;
	objects = {

/* Begin PBXBuildFile section */
		EB1DFC6B2C6E545600745A35 /* Pokemon2024App.swift in Sources */ = {isa = PBXBuildFile; fileRef = EB1DFC6A2C6E545600745A35 /* Pokemon2024App.swift */; };
		EB1DFC6D2C6E545600745A35 /* ContentView.swift in Sources */ = {isa = PBXBuildFile; fileRef = EB1DFC6C2C6E545600745A35 /* ContentView.swift */; };
		EB1DFC6F2C6E545700745A35 /* Assets.xcassets in Resources */ = {isa = PBXBuildFile; fileRef = EB1DFC6E2C6E545700745A35 /* Assets.xcassets */; };
		EB1DFC722C6E545700745A35 /* Preview Assets.xcassets in Resources */ = {isa = PBXBuildFile; fileRef = EB1DFC712C6E545700745A35 /* Preview Assets.xcassets */; };
		EB1DFC792C6E567900745A35 /* PokeFotoView.swift in Sources */ = {isa = PBXBuildFile; fileRef = EB1DFC782C6E567900745A35 /* PokeFotoView.swift */; };
		EB1DFC7B2C6E5AC400745A35 /* DatosView.swift in Sources */ = {isa = PBXBuildFile; fileRef = EB1DFC7A2C6E5AC400745A35 /* DatosView.swift */; };
		EB1DFC7D2C6E5DBF00745A35 /* MasDatosView.swift in Sources */ = {isa = PBXBuildFile; fileRef = EB1DFC7C2C6E5DBF00745A35 /* MasDatosView.swift */; };
/* End PBXBuildFile section */

/* Begin PBXFileReference section */
		EB1DFC672C6E545600745A35 /* Pokemon2024.app */ = {isa = PBXFileReference; explicitFileType = wrapper.application; includeInIndex = 0; path = Pokemon2024.app; sourceTree = BUILT_PRODUCTS_DIR; };
		EB1DFC6A2C6E545600745A35 /* Pokemon2024App.swift */ = {isa = PBXFileReference; lastKnownFileType = sourcecode.swift; path = Pokemon2024App.swift; sourceTree = "<group>"; };
		EB1DFC6C2C6E545600745A35 /* ContentView.swift */ = {isa = PBXFileReference; lastKnownFileType = sourcecode.swift; path = ContentView.swift; sourceTree = "<group>"; };
		EB1DFC6E2C6E545700745A35 /* Assets.xcassets */ = {isa = PBXFileReference; lastKnownFileType = folder.assetcatalog; path = Assets.xcassets; sourceTree = "<group>"; };
		EB1DFC712C6E545700745A35 /* Preview Assets.xcassets */ = {isa = PBXFileReference; lastKnownFileType = folder.assetcatalog; path = "Preview Assets.xcassets"; sourceTree = "<group>"; };
		EB1DFC782C6E567900745A35 /* PokeFotoView.swift */ = {isa = PBXFileReference; lastKnownFileType = sourcecode.swift; path = PokeFotoView.swift; sourceTree = "<group>"; };
		EB1DFC7A2C6E5AC400745A35 /* DatosView.swift */ = {isa = PBXFileReference; lastKnownFileType = sourcecode.swift; path = DatosView.swift; sourceTree = "<group>"; };
		EB1DFC7C2C6E5DBF00745A35 /* MasDatosView.swift */ = {isa = PBXFileReference; lastKnownFileType = sourcecode.swift; path = MasDatosView.swift; sourceTree = "<group>"; };
/* End PBXFileReference section */

/* Begin PBXFrameworksBuildPhase section */
		EB1DFC642C6E545600745A35 /* Frameworks */ = {
			isa = PBXFrameworksBuildPhase;
			buildActionMask = 2147483647;
			files = (
			);
			runOnlyForDeploymentPostprocessing = 0;
		};
/* End PBXFrameworksBuildPhase section */

/* Begin PBXGroup section */
		EB1DFC5E2C6E545600745A35 = {
			isa = PBXGroup;
			children = (
				EB1DFC692C6E545600745A35 /* Pokemon2024 */,
				EB1DFC682C6E545600745A35 /* Products */,
			);
			sourceTree = "<group>";
		};
		EB1DFC682C6E545600745A35 /* Products */ = {
			isa = PBXGroup;
			children = (
				EB1DFC672C6E545600745A35 /* Pokemon2024.app */,
			);
			name = Products;
			sourceTree = "<group>";
		};
		EB1DFC692C6E545600745A35 /* Pokemon2024 */ = {
			isa = PBXGroup;
			children = (
				EB1DFC6A2C6E545600745A35 /* Pokemon2024App.swift */,
				EB1DFC6C2C6E545600745A35 /* ContentView.swift */,
				EB1DFC782C6E567900745A35 /* PokeFotoView.swift */,
				EB1DFC7A2C6E5AC400745A35 /* DatosView.swift */,
				EB1DFC7C2C6E5DBF00745A35 /* MasDatosView.swift */,
				EB1DFC6E2C6E545700745A35 /* Assets.xcassets */,
				EB1DFC702C6E545700745A35 /* Preview Content */,
			);
			path = Pokemon2024;
			sourceTree = "<group>";
		};
		EB1DFC702C6E545700745A35 /* Preview Content */ = {
			isa = PBXGroup;
			children = (
				EB1DFC712C6E545700745A35 /* Preview Assets.xcassets */,
			);
			path = "Preview Content";
			sourceTree = "<group>";
		};
/* End PBXGroup section */

/* Begin PBXNativeTarget section */
		EB1DFC662C6E545600745A35 /* Pokemon2024 */ = {
			isa = PBXNativeTarget;
			buildConfigurationList = EB1DFC752C6E545700745A35 /* Build configuration list for PBXNativeTarget "Pokemon2024" */;
			buildPhases = (
				EB1DFC632C6E545600745A35 /* Sources */,
				EB1DFC642C6E545600745A35 /* Frameworks */,
				EB1DFC652C6E545600745A35 /* Resources */,
			);
			buildRules = (
			);
			dependencies = (
			);
			name = Pokemon2024;
			productName = Pokemon2024;
			productReference = EB1DFC672C6E545600745A35 /* Pokemon2024.app */;
			productType = "com.apple.product-type.application";
		};
/* End PBXNativeTarget section */

/* Begin PBXProject section */
		EB1DFC5F2C6E545600745A35 /* Project object */ = {
			isa = PBXProject;
			attributes = {
				BuildIndependentTargetsInParallel = 1;
				LastSwiftUpdateCheck = 1540;
				LastUpgradeCheck = 1540;
				TargetAttributes = {
					EB1DFC662C6E545600745A35 = {
						CreatedOnToolsVersion = 15.4;
					};
				};
			};
			buildConfigurationList = EB1DFC622C6E545600745A35 /* Build configuration list for PBXProject "Pokemon2024" */;
			compatibilityVersion = "Xcode 14.0";
			developmentRegion = en;
			hasScannedForEncodings = 0;
			knownRegions = (
				en,
				Base,
			);
			mainGroup = EB1DFC5E2C6E545600745A35;
			productRefGroup = EB1DFC682C6E545600745A35 /* Products */;
			projectDirPath = "";
			projectRoot = "";
			targets = (
				EB1DFC662C6E545600745A35 /* Pokemon2024 */,
			);
		};
/* End PBXProject section */

/* Begin PBXResourcesBuildPhase section */
		EB1DFC652C6E545600745A35 /* Resources */ = {
			isa = PBXResourcesBuildPhase;
			buildActionMask = 2147483647;
			files = (
				EB1DFC722C6E545700745A35 /* Preview Assets.xcassets in Resources */,
				EB1DFC6F2C6E545700745A35 /* Assets.xcassets in Resources */,
			);
			runOnlyForDeploymentPostprocessing = 0;
		};
/* End PBXResourcesBuildPhase section */

/* Begin PBXSourcesBuildPhase section */
		EB1DFC632C6E545600745A35 /* Sources */ = {
			isa = PBXSourcesBuildPhase;
			buildActionMask = 2147483647;
			files = (
				EB1DFC7B2C6E5AC400745A35 /* DatosView.swift in Sources */,
				EB1DFC792C6E567900745A35 /* PokeFotoView.swift in Sources */,
				EB1DFC6D2C6E545600745A35 /* ContentView.swift in Sources */,
				EB1DFC7D2C6E5DBF00745A35 /* MasDatosView.swift in Sources */,
				EB1DFC6B2C6E545600745A35 /* Pokemon2024App.swift in Sources */,
			);
			runOnlyForDeploymentPostprocessing = 0;
		};
/* End PBXSourcesBuildPhase section */

/* Begin XCBuildConfiguration section */
		EB1DFC732C6E545700745A35 /* Debug */ = {
			isa = XCBuildConfiguration;
			buildSettings = {
				ALWAYS_SEARCH_USER_PATHS = NO;
				ASSETCATALOG_COMPILER_GENERATE_SWIFT_ASSET_SYMBOL_EXTENSIONS = YES;
				CLANG_ANALYZER_NONNULL = YES;
				CLANG_ANALYZER_NUMBER_OBJECT_CONVERSION = YES_AGGRESSIVE;
				CLANG_CXX_LANGUAGE_STANDARD = "gnu++20";
				CLANG_ENABLE_MODULES = YES;
				CLANG_ENABLE_OBJC_ARC = YES;
				CLANG_ENABLE_OBJC_WEAK = YES;
				CLANG_WARN_BLOCK_CAPTURE_AUTORELEASING = YES;
				CLANG_WARN_BOOL_CONVERSION = YES;
				CLANG_WARN_COMMA = YES;
				CLANG_WARN_CONSTANT_CONVERSION = YES;
				CLANG_WARN_DEPRECATED_OBJC_IMPLEMENTATIONS = YES;
				CLANG_WARN_DIRECT_OBJC_ISA_USAGE = YES_ERROR;
				CLANG_WARN_DOCUMENTATION_COMMENTS = YES;
				CLANG_WARN_EMPTY_BODY = YES;
				CLANG_WARN_ENUM_CONVERSION = YES;
				CLANG_WARN_INFINITE_RECURSION = YES;
				CLANG_WARN_INT_CONVERSION = YES;
				CLANG_WARN_NON_LITERAL_NULL_CONVERSION = YES;
				CLANG_WARN_OBJC_IMPLICIT_RETAIN_SELF = YES;
				CLANG_WARN_OBJC_LITERAL_CONVERSION = YES;
				CLANG_WARN_OBJC_ROOT_CLASS = YES_ERROR;
				CLANG_WARN_QUOTED_INCLUDE_IN_FRAMEWORK_HEADER = YES;
				CLANG_WARN_RANGE_LOOP_ANALYSIS = YES;
				CLANG_WARN_STRICT_PROTOTYPES = YES;
				CLANG_WARN_SUSPICIOUS_MOVE = YES;
				CLANG_WARN_UNGUARDED_AVAILABILITY = YES_AGGRESSIVE;
				CLANG_WARN_UNREACHABLE_CODE = YES;
				CLANG_WARN__DUPLICATE_METHOD_MATCH = YES;
				COPY_PHASE_STRIP = NO;
				DEBUG_INFORMATION_FORMAT = dwarf;
				ENABLE_STRICT_OBJC_MSGSEND = YES;
				ENABLE_TESTABILITY = YES;
				ENABLE_USER_SCRIPT_SANDBOXING = YES;
				GCC_C_LANGUAGE_STANDARD = gnu17;
				GCC_DYNAMIC_NO_PIC = NO;
				GCC_NO_COMMON_BLOCKS = YES;
				GCC_OPTIMIZATION_LEVEL = 0;
				GCC_PREPROCESSOR_DEFINITIONS = (
					"DEBUG=1",
					"$(inherited)",
				);
				GCC_WARN_64_TO_32_BIT_CONVERSION = YES;
				GCC_WARN_ABOUT_RETURN_TYPE = YES_ERROR;
				GCC_WARN_UNDECLARED_SELECTOR = YES;
				GCC_WARN_UNINITIALIZED_AUTOS = YES_AGGRESSIVE;
				GCC_WARN_UNUSED_FUNCTION = YES;
				GCC_WARN_UNUSED_VARIABLE = YES;
				IPHONEOS_DEPLOYMENT_TARGET = 17.5;
				LOCALIZATION_PREFERS_STRING_CATALOGS = YES;
				MTL_ENABLE_DEBUG_INFO = INCLUDE_SOURCE;
				MTL_FAST_MATH = YES;
				ONLY_ACTIVE_ARCH = YES;
				SDKROOT = iphoneos;
				SWIFT_ACTIVE_COMPILATION_CONDITIONS = "DEBUG $(inherited)";
				SWIFT_OPTIMIZATION_LEVEL = "-Onone";
			};
			name = Debug;
		};
		EB1DFC742C6E545700745A35 /* Release */ = {
			isa = XCBuildConfiguration;
			buildSettings = {
				ALWAYS_SEARCH_USER_PATHS = NO;
				ASSETCATALOG_COMPILER_GENERATE_SWIFT_ASSET_SYMBOL_EXTENSIONS = YES;
				CLANG_ANALYZER_NONNULL = YES;
				CLANG_ANALYZER_NUMBER_OBJECT_CONVERSION = YES_AGGRESSIVE;
				CLANG_CXX_LANGUAGE_STANDARD = "gnu++20";
				CLANG_ENABLE_MODULES = YES;
				CLANG_ENABLE_OBJC_ARC = YES;
				CLANG_ENABLE_OBJC_WEAK = YES;
				CLANG_WARN_BLOCK_CAPTURE_AUTORELEASING = YES;
				CLANG_WARN_BOOL_CONVERSION = YES;
				CLANG_WARN_COMMA = YES;
				CLANG_WARN_CONSTANT_CONVERSION = YES;
				CLANG_WARN_DEPRECATED_OBJC_IMPLEMENTATIONS = YES;
				CLANG_WARN_DIRECT_OBJC_ISA_USAGE = YES_ERROR;
				CLANG_WARN_DOCUMENTATION_COMMENTS = YES;
				CLANG_WARN_EMPTY_BODY = YES;
				CLANG_WARN_ENUM_CONVERSION = YES;
				CLANG_WARN_INFINITE_RECURSION = YES;
				CLANG_WARN_INT_CONVERSION = YES;
				CLANG_WARN_NON_LITERAL_NULL_CONVERSION = YES;
				CLANG_WARN_OBJC_IMPLICIT_RETAIN_SELF = YES;
				CLANG_WARN_OBJC_LITERAL_CONVERSION = YES;
				CLANG_WARN_OBJC_ROOT_CLASS = YES_ERROR;
				CLANG_WARN_QUOTED_INCLUDE_IN_FRAMEWORK_HEADER = YES;
				CLANG_WARN_RANGE_LOOP_ANALYSIS = YES;
				CLANG_WARN_STRICT_PROTOTYPES = YES;
				CLANG_WARN_SUSPICIOUS_MOVE = YES;
				CLANG_WARN_UNGUARDED_AVAILABILITY = YES_AGGRESSIVE;
				CLANG_WARN_UNREACHABLE_CODE = YES;
				CLANG_WARN__DUPLICATE_METHOD_MATCH = YES;
				COPY_PHASE_STRIP = NO;
				DEBUG_INFORMATION_FORMAT = "dwarf-with-dsym";
				ENABLE_NS_ASSERTIONS = NO;
				ENABLE_STRICT_OBJC_MSGSEND = YES;
				ENABLE_USER_SCRIPT_SANDBOXING = YES;
				GCC_C_LANGUAGE_STANDARD = gnu17;
				GCC_NO_COMMON_BLOCKS = YES;
				GCC_WARN_64_TO_32_BIT_CONVERSION = YES;
				GCC_WARN_ABOUT_RETURN_TYPE = YES_ERROR;
				GCC_WARN_UNDECLARED_SELECTOR = YES;
				GCC_WARN_UNINITIALIZED_AUTOS = YES_AGGRESSIVE;
				GCC_WARN_UNUSED_FUNCTION = YES;
				GCC_WARN_UNUSED_VARIABLE = YES;
				IPHONEOS_DEPLOYMENT_TARGET = 17.5;
				LOCALIZATION_PREFERS_STRING_CATALOGS = YES;
				MTL_ENABLE_DEBUG_INFO = NO;
				MTL_FAST_MATH = YES;
				SDKROOT = iphoneos;
				SWIFT_COMPILATION_MODE = wholemodule;
				VALIDATE_PRODUCT = YES;
			};
			name = Release;
		};
		EB1DFC762C6E545700745A35 /* Debug */ = {
			isa = XCBuildConfiguration;
			buildSettings = {
				ASSETCATALOG_COMPILER_APPICON_NAME = AppIcon;
				ASSETCATALOG_COMPILER_GLOBAL_ACCENT_COLOR_NAME = AccentColor;
				CODE_SIGN_STYLE = Automatic;
				CURRENT_PROJECT_VERSION = 1;
				DEVELOPMENT_ASSET_PATHS = "\"Pokemon2024/Preview Content\"";
				DEVELOPMENT_TEAM = XH9NTUSR26;
				ENABLE_PREVIEWS = YES;
				GENERATE_INFOPLIST_FILE = YES;
				INFOPLIST_KEY_UIApplicationSceneManifest_Generation = YES;
				INFOPLIST_KEY_UIApplicationSupportsIndirectInputEvents = YES;
				INFOPLIST_KEY_UILaunchScreen_Generation = YES;
				INFOPLIST_KEY_UISupportedInterfaceOrientations_iPad = "UIInterfaceOrientationPortrait UIInterfaceOrientationPortraitUpsideDown UIInterfaceOrientationLandscapeLeft UIInterfaceOrientationLandscapeRight";
				INFOPLIST_KEY_UISupportedInterfaceOrientations_iPhone = "UIInterfaceOrientationPortrait UIInterfaceOrientationLandscapeLeft UIInterfaceOrientationLandscapeRight";
				LD_RUNPATH_SEARCH_PATHS = (
					"$(inherited)",
					"@executable_path/Frameworks",
				);
				MARKETING_VERSION = 1.0;
				PRODUCT_BUNDLE_IDENTIFIER = tec.mx.CalcCheckApp;
				PRODUCT_NAME = "$(TARGET_NAME)";
				SWIFT_EMIT_LOC_STRINGS = YES;
				SWIFT_VERSION = 5.0;
				TARGETED_DEVICE_FAMILY = "1,2";
			};
			name = Debug;
		};
		EB1DFC772C6E545700745A35 /* Release */ = {
			isa = XCBuildConfiguration;
			buildSettings = {
				ASSETCATALOG_COMPILER_APPICON_NAME = AppIcon;
				ASSETCATALOG_COMPILER_GLOBAL_ACCENT_COLOR_NAME = AccentColor;
				CODE_SIGN_STYLE = Automatic;
				CURRENT_PROJECT_VERSION = 1;
				DEVELOPMENT_ASSET_PATHS = "\"Pokemon2024/Preview Content\"";
				DEVELOPMENT_TEAM = XH9NTUSR26;
				ENABLE_PREVIEWS = YES;
				GENERATE_INFOPLIST_FILE = YES;
				INFOPLIST_KEY_UIApplicationSceneManifest_Generation = YES;
				INFOPLIST_KEY_UIApplicationSupportsIndirectInputEvents = YES;
				INFOPLIST_KEY_UILaunchScreen_Generation = YES;
				INFOPLIST_KEY_UISupportedInterfaceOrientations_iPad = "UIInterfaceOrientationPortrait UIInterfaceOrientationPortraitUpsideDown UIInterfaceOrientationLandscapeLeft UIInterfaceOrientationLandscapeRight";
				INFOPLIST_KEY_UISupportedInterfaceOrientations_iPhone = "UIInterfaceOrientationPortrait UIInterfaceOrientationLandscapeLeft UIInterfaceOrientationLandscapeRight";
				LD_RUNPATH_SEARCH_PATHS = (
					"$(inherited)",
					"@executable_path/Frameworks",
				);
				MARKETING_VERSION = 1.0;
				PRODUCT_BUNDLE_IDENTIFIER = tec.mx.CalcCheckApp;
				PRODUCT_NAME = "$(TARGET_NAME)";
				SWIFT_EMIT_LOC_STRINGS = YES;
				SWIFT_VERSION = 5.0;
				TARGETED_DEVICE_FAMILY = "1,2";
			};
			name = Release;
		};
/* End XCBuildConfiguration section */

/* Begin XCConfigurationList section */
		EB1DFC622C6E545600745A35 /* Build configuration list for PBXProject "Pokemon2024" */ = {
			isa = XCConfigurationList;
			buildConfigurations = (
				EB1DFC732C6E545700745A35 /* Debug */,
				EB1DFC742C6E545700745A35 /* Release */,
			);
			defaultConfigurationIsVisible = 0;
			defaultConfigurationName = Release;
		};
		EB1DFC752C6E545700745A35 /* Build configuration list for PBXNativeTarget "Pokemon2024" */ = {
			isa = XCConfigurationList;
			buildConfigurations = (
				EB1DFC762C6E545700745A35 /* Debug */,
				EB1DFC772C6E545700745A35 /* Release */,
			);
			defaultConfigurationIsVisible = 0;
			defaultConfigurationName = Release;
		};
/* End XCConfigurationList section */
	};
	rootObject = EB1DFC5F2C6E545600745A35 /* Project object */;
}
