// !$*UTF8*$!
{
	archiveVersion = 1;
	classes = {
	};
	objectVersion = 56;
	objects = {

/* Begin PBXBuildFile section */
		EBD781662C6521D00014E5A7 /* MiPrimeraAppApp.swift in Sources */ = {isa = PBXBuildFile; fileRef = EBD781652C6521D00014E5A7 /* MiPrimeraAppApp.swift */; };
		EBD781682C6521D00014E5A7 /* ContentView.swift in Sources */ = {isa = PBXBuildFile; fileRef = EBD781672C6521D00014E5A7 /* ContentView.swift */; };
		EBD7816A2C6521D10014E5A7 /* Assets.xcassets in Resources */ = {isa = PBXBuildFile; fileRef = EBD781692C6521D10014E5A7 /* Assets.xcassets */; };
		EBD7816D2C6521D10014E5A7 /* Preview Assets.xcassets in Resources */ = {isa = PBXBuildFile; fileRef = EBD7816C2C6521D10014E5A7 /* Preview Assets.xcassets */; };
		EBD781772C6521D10014E5A7 /* MiPrimeraAppTests.swift in Sources */ = {isa = PBXBuildFile; fileRef = EBD781762C6521D10014E5A7 /* MiPrimeraAppTests.swift */; };
		EBD781812C6521D10014E5A7 /* MiPrimeraAppUITests.swift in Sources */ = {isa = PBXBuildFile; fileRef = EBD781802C6521D10014E5A7 /* MiPrimeraAppUITests.swift */; };
		EBD781832C6521D10014E5A7 /* MiPrimeraAppUITestsLaunchTests.swift in Sources */ = {isa = PBXBuildFile; fileRef = EBD781822C6521D10014E5A7 /* MiPrimeraAppUITestsLaunchTests.swift */; };
/* End PBXBuildFile section */

/* Begin PBXContainerItemProxy section */
		EBD781732C6521D10014E5A7 /* PBXContainerItemProxy */ = {
			isa = PBXContainerItemProxy;
			containerPortal = EBD7815A2C6521D00014E5A7 /* Project object */;
			proxyType = 1;
			remoteGlobalIDString = EBD781612C6521D00014E5A7;
			remoteInfo = MiPrimeraApp;
		};
		EBD7817D2C6521D10014E5A7 /* PBXContainerItemProxy */ = {
			isa = PBXContainerItemProxy;
			containerPortal = EBD7815A2C6521D00014E5A7 /* Project object */;
			proxyType = 1;
			remoteGlobalIDString = EBD781612C6521D00014E5A7;
			remoteInfo = MiPrimeraApp;
		};
/* End PBXContainerItemProxy section */

/* Begin PBXFileReference section */
		EBD781622C6521D00014E5A7 /* MiPrimeraApp.app */ = {isa = PBXFileReference; explicitFileType = wrapper.application; includeInIndex = 0; path = MiPrimeraApp.app; sourceTree = BUILT_PRODUCTS_DIR; };
		EBD781652C6521D00014E5A7 /* MiPrimeraAppApp.swift */ = {isa = PBXFileReference; lastKnownFileType = sourcecode.swift; path = MiPrimeraAppApp.swift; sourceTree = "<group>"; };
		EBD781672C6521D00014E5A7 /* ContentView.swift */ = {isa = PBXFileReference; lastKnownFileType = sourcecode.swift; path = ContentView.swift; sourceTree = "<group>"; };
		EBD781692C6521D10014E5A7 /* Assets.xcassets */ = {isa = PBXFileReference; lastKnownFileType = folder.assetcatalog; path = Assets.xcassets; sourceTree = "<group>"; };
		EBD7816C2C6521D10014E5A7 /* Preview Assets.xcassets */ = {isa = PBXFileReference; lastKnownFileType = folder.assetcatalog; path = "Preview Assets.xcassets"; sourceTree = "<group>"; };
		EBD781722C6521D10014E5A7 /* MiPrimeraAppTests.xctest */ = {isa = PBXFileReference; explicitFileType = wrapper.cfbundle; includeInIndex = 0; path = MiPrimeraAppTests.xctest; sourceTree = BUILT_PRODUCTS_DIR; };
		EBD781762C6521D10014E5A7 /* MiPrimeraAppTests.swift */ = {isa = PBXFileReference; lastKnownFileType = sourcecode.swift; path = MiPrimeraAppTests.swift; sourceTree = "<group>"; };
		EBD7817C2C6521D10014E5A7 /* MiPrimeraAppUITests.xctest */ = {isa = PBXFileReference; explicitFileType = wrapper.cfbundle; includeInIndex = 0; path = MiPrimeraAppUITests.xctest; sourceTree = BUILT_PRODUCTS_DIR; };
		EBD781802C6521D10014E5A7 /* MiPrimeraAppUITests.swift */ = {isa = PBXFileReference; lastKnownFileType = sourcecode.swift; path = MiPrimeraAppUITests.swift; sourceTree = "<group>"; };
		EBD781822C6521D10014E5A7 /* MiPrimeraAppUITestsLaunchTests.swift */ = {isa = PBXFileReference; lastKnownFileType = sourcecode.swift; path = MiPrimeraAppUITestsLaunchTests.swift; sourceTree = "<group>"; };
/* End PBXFileReference section */

/* Begin PBXFrameworksBuildPhase section */
		EBD7815F2C6521D00014E5A7 /* Frameworks */ = {
			isa = PBXFrameworksBuildPhase;
			buildActionMask = 2147483647;
			files = (
			);
			runOnlyForDeploymentPostprocessing = 0;
		};
		EBD7816F2C6521D10014E5A7 /* Frameworks */ = {
			isa = PBXFrameworksBuildPhase;
			buildActionMask = 2147483647;
			files = (
			);
			runOnlyForDeploymentPostprocessing = 0;
		};
		EBD781792C6521D10014E5A7 /* Frameworks */ = {
			isa = PBXFrameworksBuildPhase;
			buildActionMask = 2147483647;
			files = (
			);
			runOnlyForDeploymentPostprocessing = 0;
		};
/* End PBXFrameworksBuildPhase section */

/* Begin PBXGroup section */
		EBD781592C6521D00014E5A7 = {
			isa = PBXGroup;
			children = (
				EBD781642C6521D00014E5A7 /* MiPrimeraApp */,
				EBD781752C6521D10014E5A7 /* MiPrimeraAppTests */,
				EBD7817F2C6521D10014E5A7 /* MiPrimeraAppUITests */,
				EBD781632C6521D00014E5A7 /* Products */,
			);
			sourceTree = "<group>";
		};
		EBD781632C6521D00014E5A7 /* Products */ = {
			isa = PBXGroup;
			children = (
				EBD781622C6521D00014E5A7 /* MiPrimeraApp.app */,
				EBD781722C6521D10014E5A7 /* MiPrimeraAppTests.xctest */,
				EBD7817C2C6521D10014E5A7 /* MiPrimeraAppUITests.xctest */,
			);
			name = Products;
			sourceTree = "<group>";
		};
		EBD781642C6521D00014E5A7 /* MiPrimeraApp */ = {
			isa = PBXGroup;
			children = (
				EBD781652C6521D00014E5A7 /* MiPrimeraAppApp.swift */,
				EBD781672C6521D00014E5A7 /* ContentView.swift */,
				EBD781692C6521D10014E5A7 /* Assets.xcassets */,
				EBD7816B2C6521D10014E5A7 /* Preview Content */,
			);
			path = MiPrimeraApp;
			sourceTree = "<group>";
		};
		EBD7816B2C6521D10014E5A7 /* Preview Content */ = {
			isa = PBXGroup;
			children = (
				EBD7816C2C6521D10014E5A7 /* Preview Assets.xcassets */,
			);
			path = "Preview Content";
			sourceTree = "<group>";
		};
		EBD781752C6521D10014E5A7 /* MiPrimeraAppTests */ = {
			isa = PBXGroup;
			children = (
				EBD781762C6521D10014E5A7 /* MiPrimeraAppTests.swift */,
			);
			path = MiPrimeraAppTests;
			sourceTree = "<group>";
		};
		EBD7817F2C6521D10014E5A7 /* MiPrimeraAppUITests */ = {
			isa = PBXGroup;
			children = (
				EBD781802C6521D10014E5A7 /* MiPrimeraAppUITests.swift */,
				EBD781822C6521D10014E5A7 /* MiPrimeraAppUITestsLaunchTests.swift */,
			);
			path = MiPrimeraAppUITests;
			sourceTree = "<group>";
		};
/* End PBXGroup section */

/* Begin PBXNativeTarget section */
		EBD781612C6521D00014E5A7 /* MiPrimeraApp */ = {
			isa = PBXNativeTarget;
			buildConfigurationList = EBD781862C6521D10014E5A7 /* Build configuration list for PBXNativeTarget "MiPrimeraApp" */;
			buildPhases = (
				EBD7815E2C6521D00014E5A7 /* Sources */,
				EBD7815F2C6521D00014E5A7 /* Frameworks */,
				EBD781602C6521D00014E5A7 /* Resources */,
			);
			buildRules = (
			);
			dependencies = (
			);
			name = MiPrimeraApp;
			productName = MiPrimeraApp;
			productReference = EBD781622C6521D00014E5A7 /* MiPrimeraApp.app */;
			productType = "com.apple.product-type.application";
		};
		EBD781712C6521D10014E5A7 /* MiPrimeraAppTests */ = {
			isa = PBXNativeTarget;
			buildConfigurationList = EBD781892C6521D10014E5A7 /* Build configuration list for PBXNativeTarget "MiPrimeraAppTests" */;
			buildPhases = (
				EBD7816E2C6521D10014E5A7 /* Sources */,
				EBD7816F2C6521D10014E5A7 /* Frameworks */,
				EBD781702C6521D10014E5A7 /* Resources */,
			);
			buildRules = (
			);
			dependencies = (
				EBD781742C6521D10014E5A7 /* PBXTargetDependency */,
			);
			name = MiPrimeraAppTests;
			productName = MiPrimeraAppTests;
			productReference = EBD781722C6521D10014E5A7 /* MiPrimeraAppTests.xctest */;
			productType = "com.apple.product-type.bundle.unit-test";
		};
		EBD7817B2C6521D10014E5A7 /* MiPrimeraAppUITests */ = {
			isa = PBXNativeTarget;
			buildConfigurationList = EBD7818C2C6521D10014E5A7 /* Build configuration list for PBXNativeTarget "MiPrimeraAppUITests" */;
			buildPhases = (
				EBD781782C6521D10014E5A7 /* Sources */,
				EBD781792C6521D10014E5A7 /* Frameworks */,
				EBD7817A2C6521D10014E5A7 /* Resources */,
			);
			buildRules = (
			);
			dependencies = (
				EBD7817E2C6521D10014E5A7 /* PBXTargetDependency */,
			);
			name = MiPrimeraAppUITests;
			productName = MiPrimeraAppUITests;
			productReference = EBD7817C2C6521D10014E5A7 /* MiPrimeraAppUITests.xctest */;
			productType = "com.apple.product-type.bundle.ui-testing";
		};
/* End PBXNativeTarget section */

/* Begin PBXProject section */
		EBD7815A2C6521D00014E5A7 /* Project object */ = {
			isa = PBXProject;
			attributes = {
				BuildIndependentTargetsInParallel = 1;
				LastSwiftUpdateCheck = 1540;
				LastUpgradeCheck = 1540;
				TargetAttributes = {
					EBD781612C6521D00014E5A7 = {
						CreatedOnToolsVersion = 15.4;
					};
					EBD781712C6521D10014E5A7 = {
						CreatedOnToolsVersion = 15.4;
						TestTargetID = EBD781612C6521D00014E5A7;
					};
					EBD7817B2C6521D10014E5A7 = {
						CreatedOnToolsVersion = 15.4;
						TestTargetID = EBD781612C6521D00014E5A7;
					};
				};
			};
			buildConfigurationList = EBD7815D2C6521D00014E5A7 /* Build configuration list for PBXProject "MiPrimeraApp" */;
			compatibilityVersion = "Xcode 14.0";
			developmentRegion = en;
			hasScannedForEncodings = 0;
			knownRegions = (
				en,
				Base,
			);
			mainGroup = EBD781592C6521D00014E5A7;
			productRefGroup = EBD781632C6521D00014E5A7 /* Products */;
			projectDirPath = "";
			projectRoot = "";
			targets = (
				EBD781612C6521D00014E5A7 /* MiPrimeraApp */,
				EBD781712C6521D10014E5A7 /* MiPrimeraAppTests */,
				EBD7817B2C6521D10014E5A7 /* MiPrimeraAppUITests */,
			);
		};
/* End PBXProject section */

/* Begin PBXResourcesBuildPhase section */
		EBD781602C6521D00014E5A7 /* Resources */ = {
			isa = PBXResourcesBuildPhase;
			buildActionMask = 2147483647;
			files = (
				EBD7816D2C6521D10014E5A7 /* Preview Assets.xcassets in Resources */,
				EBD7816A2C6521D10014E5A7 /* Assets.xcassets in Resources */,
			);
			runOnlyForDeploymentPostprocessing = 0;
		};
		EBD781702C6521D10014E5A7 /* Resources */ = {
			isa = PBXResourcesBuildPhase;
			buildActionMask = 2147483647;
			files = (
			);
			runOnlyForDeploymentPostprocessing = 0;
		};
		EBD7817A2C6521D10014E5A7 /* Resources */ = {
			isa = PBXResourcesBuildPhase;
			buildActionMask = 2147483647;
			files = (
			);
			runOnlyForDeploymentPostprocessing = 0;
		};
/* End PBXResourcesBuildPhase section */

/* Begin PBXSourcesBuildPhase section */
		EBD7815E2C6521D00014E5A7 /* Sources */ = {
			isa = PBXSourcesBuildPhase;
			buildActionMask = 2147483647;
			files = (
				EBD781682C6521D00014E5A7 /* ContentView.swift in Sources */,
				EBD781662C6521D00014E5A7 /* MiPrimeraAppApp.swift in Sources */,
			);
			runOnlyForDeploymentPostprocessing = 0;
		};
		EBD7816E2C6521D10014E5A7 /* Sources */ = {
			isa = PBXSourcesBuildPhase;
			buildActionMask = 2147483647;
			files = (
				EBD781772C6521D10014E5A7 /* MiPrimeraAppTests.swift in Sources */,
			);
			runOnlyForDeploymentPostprocessing = 0;
		};
		EBD781782C6521D10014E5A7 /* Sources */ = {
			isa = PBXSourcesBuildPhase;
			buildActionMask = 2147483647;
			files = (
				EBD781812C6521D10014E5A7 /* MiPrimeraAppUITests.swift in Sources */,
				EBD781832C6521D10014E5A7 /* MiPrimeraAppUITestsLaunchTests.swift in Sources */,
			);
			runOnlyForDeploymentPostprocessing = 0;
		};
/* End PBXSourcesBuildPhase section */

/* Begin PBXTargetDependency section */
		EBD781742C6521D10014E5A7 /* PBXTargetDependency */ = {
			isa = PBXTargetDependency;
			target = EBD781612C6521D00014E5A7 /* MiPrimeraApp */;
			targetProxy = EBD781732C6521D10014E5A7 /* PBXContainerItemProxy */;
		};
		EBD7817E2C6521D10014E5A7 /* PBXTargetDependency */ = {
			isa = PBXTargetDependency;
			target = EBD781612C6521D00014E5A7 /* MiPrimeraApp */;
			targetProxy = EBD7817D2C6521D10014E5A7 /* PBXContainerItemProxy */;
		};
/* End PBXTargetDependency section */

/* Begin XCBuildConfiguration section */
		EBD781842C6521D10014E5A7 /* Debug */ = {
			isa = XCBuildConfiguration;
			buildSettings = {
				ALWAYS_SEARCH_USER_PATHS = NO;
				ASSETCATALOG_COMPILER_GENERATE_SWIFT_ASSET_SYMBOL_EXTENSIONS = YES;
				CLANG_ANALYZER_NONNULL = YES;
				CLANG_ANALYZER_NUMBER_OBJECT_CONVERSION = YES_AGGRESSIVE;
				CLANG_CXX_LANGUAGE_STANDARD = "gnu++20";
				CLANG_ENABLE_MODULES = YES;
				CLANG_ENABLE_OBJC_ARC = YES;
				CLANG_ENABLE_OBJC_WEAK = YES;
				CLANG_WARN_BLOCK_CAPTURE_AUTORELEASING = YES;
				CLANG_WARN_BOOL_CONVERSION = YES;
				CLANG_WARN_COMMA = YES;
				CLANG_WARN_CONSTANT_CONVERSION = YES;
				CLANG_WARN_DEPRECATED_OBJC_IMPLEMENTATIONS = YES;
				CLANG_WARN_DIRECT_OBJC_ISA_USAGE = YES_ERROR;
				CLANG_WARN_DOCUMENTATION_COMMENTS = YES;
				CLANG_WARN_EMPTY_BODY = YES;
				CLANG_WARN_ENUM_CONVERSION = YES;
				CLANG_WARN_INFINITE_RECURSION = YES;
				CLANG_WARN_INT_CONVERSION = YES;
				CLANG_WARN_NON_LITERAL_NULL_CONVERSION = YES;
				CLANG_WARN_OBJC_IMPLICIT_RETAIN_SELF = YES;
				CLANG_WARN_OBJC_LITERAL_CONVERSION = YES;
				CLANG_WARN_OBJC_ROOT_CLASS = YES_ERROR;
				CLANG_WARN_QUOTED_INCLUDE_IN_FRAMEWORK_HEADER = YES;
				CLANG_WARN_RANGE_LOOP_ANALYSIS = YES;
				CLANG_WARN_STRICT_PROTOTYPES = YES;
				CLANG_WARN_SUSPICIOUS_MOVE = YES;
				CLANG_WARN_UNGUARDED_AVAILABILITY = YES_AGGRESSIVE;
				CLANG_WARN_UNREACHABLE_CODE = YES;
				CLANG_WARN__DUPLICATE_METHOD_MATCH = YES;
				COPY_PHASE_STRIP = NO;
				DEBUG_INFORMATION_FORMAT = dwarf;
				ENABLE_STRICT_OBJC_MSGSEND = YES;
				ENABLE_TESTABILITY = YES;
				ENABLE_USER_SCRIPT_SANDBOXING = YES;
				GCC_C_LANGUAGE_STANDARD = gnu17;
				GCC_DYNAMIC_NO_PIC = NO;
				GCC_NO_COMMON_BLOCKS = YES;
				GCC_OPTIMIZATION_LEVEL = 0;
				GCC_PREPROCESSOR_DEFINITIONS = (
					"DEBUG=1",
					"$(inherited)",
				);
				GCC_WARN_64_TO_32_BIT_CONVERSION = YES;
				GCC_WARN_ABOUT_RETURN_TYPE = YES_ERROR;
				GCC_WARN_UNDECLARED_SELECTOR = YES;
				GCC_WARN_UNINITIALIZED_AUTOS = YES_AGGRESSIVE;
				GCC_WARN_UNUSED_FUNCTION = YES;
				GCC_WARN_UNUSED_VARIABLE = YES;
				IPHONEOS_DEPLOYMENT_TARGET = 17.5;
				LOCALIZATION_PREFERS_STRING_CATALOGS = YES;
				MTL_ENABLE_DEBUG_INFO = INCLUDE_SOURCE;
				MTL_FAST_MATH = YES;
				ONLY_ACTIVE_ARCH = YES;
				SDKROOT = iphoneos;
				SWIFT_ACTIVE_COMPILATION_CONDITIONS = "DEBUG $(inherited)";
				SWIFT_OPTIMIZATION_LEVEL = "-Onone";
			};
			name = Debug;
		};
		EBD781852C6521D10014E5A7 /* Release */ = {
			isa = XCBuildConfiguration;
			buildSettings = {
				ALWAYS_SEARCH_USER_PATHS = NO;
				ASSETCATALOG_COMPILER_GENERATE_SWIFT_ASSET_SYMBOL_EXTENSIONS = YES;
				CLANG_ANALYZER_NONNULL = YES;
				CLANG_ANALYZER_NUMBER_OBJECT_CONVERSION = YES_AGGRESSIVE;
				CLANG_CXX_LANGUAGE_STANDARD = "gnu++20";
				CLANG_ENABLE_MODULES = YES;
				CLANG_ENABLE_OBJC_ARC = YES;
				CLANG_ENABLE_OBJC_WEAK = YES;
				CLANG_WARN_BLOCK_CAPTURE_AUTORELEASING = YES;
				CLANG_WARN_BOOL_CONVERSION = YES;
				CLANG_WARN_COMMA = YES;
				CLANG_WARN_CONSTANT_CONVERSION = YES;
				CLANG_WARN_DEPRECATED_OBJC_IMPLEMENTATIONS = YES;
				CLANG_WARN_DIRECT_OBJC_ISA_USAGE = YES_ERROR;
				CLANG_WARN_DOCUMENTATION_COMMENTS = YES;
				CLANG_WARN_EMPTY_BODY = YES;
				CLANG_WARN_ENUM_CONVERSION = YES;
				CLANG_WARN_INFINITE_RECURSION = YES;
				CLANG_WARN_INT_CONVERSION = YES;
				CLANG_WARN_NON_LITERAL_NULL_CONVERSION = YES;
				CLANG_WARN_OBJC_IMPLICIT_RETAIN_SELF = YES;
				CLANG_WARN_OBJC_LITERAL_CONVERSION = YES;
				CLANG_WARN_OBJC_ROOT_CLASS = YES_ERROR;
				CLANG_WARN_QUOTED_INCLUDE_IN_FRAMEWORK_HEADER = YES;
				CLANG_WARN_RANGE_LOOP_ANALYSIS = YES;
				CLANG_WARN_STRICT_PROTOTYPES = YES;
				CLANG_WARN_SUSPICIOUS_MOVE = YES;
				CLANG_WARN_UNGUARDED_AVAILABILITY = YES_AGGRESSIVE;
				CLANG_WARN_UNREACHABLE_CODE = YES;
				CLANG_WARN__DUPLICATE_METHOD_MATCH = YES;
				COPY_PHASE_STRIP = NO;
				DEBUG_INFORMATION_FORMAT = "dwarf-with-dsym";
				ENABLE_NS_ASSERTIONS = NO;
				ENABLE_STRICT_OBJC_MSGSEND = YES;
				ENABLE_USER_SCRIPT_SANDBOXING = YES;
				GCC_C_LANGUAGE_STANDARD = gnu17;
				GCC_NO_COMMON_BLOCKS = YES;
				GCC_WARN_64_TO_32_BIT_CONVERSION = YES;
				GCC_WARN_ABOUT_RETURN_TYPE = YES_ERROR;
				GCC_WARN_UNDECLARED_SELECTOR = YES;
				GCC_WARN_UNINITIALIZED_AUTOS = YES_AGGRESSIVE;
				GCC_WARN_UNUSED_FUNCTION = YES;
				GCC_WARN_UNUSED_VARIABLE = YES;
				IPHONEOS_DEPLOYMENT_TARGET = 17.5;
				LOCALIZATION_PREFERS_STRING_CATALOGS = YES;
				MTL_ENABLE_DEBUG_INFO = NO;
				MTL_FAST_MATH = YES;
				SDKROOT = iphoneos;
				SWIFT_COMPILATION_MODE = wholemodule;
				VALIDATE_PRODUCT = YES;
			};
			name = Release;
		};
		EBD781872C6521D10014E5A7 /* Debug */ = {
			isa = XCBuildConfiguration;
			buildSettings = {
				ASSETCATALOG_COMPILER_APPICON_NAME = AppIcon;
				ASSETCATALOG_COMPILER_GLOBAL_ACCENT_COLOR_NAME = AccentColor;
				CODE_SIGN_STYLE = Automatic;
				CURRENT_PROJECT_VERSION = 1;
				DEVELOPMENT_ASSET_PATHS = "\"MiPrimeraApp/Preview Content\"";
				DEVELOPMENT_TEAM = XH9NTUSR26;
				ENABLE_PREVIEWS = YES;
				GENERATE_INFOPLIST_FILE = YES;
				INFOPLIST_KEY_UIApplicationSceneManifest_Generation = YES;
				INFOPLIST_KEY_UIApplicationSupportsIndirectInputEvents = YES;
				INFOPLIST_KEY_UILaunchScreen_Generation = YES;
				INFOPLIST_KEY_UISupportedInterfaceOrientations_iPad = "UIInterfaceOrientationPortrait UIInterfaceOrientationPortraitUpsideDown UIInterfaceOrientationLandscapeLeft UIInterfaceOrientationLandscapeRight";
				INFOPLIST_KEY_UISupportedInterfaceOrientations_iPhone = "UIInterfaceOrientationPortrait UIInterfaceOrientationLandscapeLeft UIInterfaceOrientationLandscapeRight";
				LD_RUNPATH_SEARCH_PATHS = (
					"$(inherited)",
					"@executable_path/Frameworks",
				);
				MARKETING_VERSION = 1.0;
				PRODUCT_BUNDLE_IDENTIFIER = tec.mx.MiPrimeraApp;
				PRODUCT_NAME = "$(TARGET_NAME)";
				SWIFT_EMIT_LOC_STRINGS = YES;
				SWIFT_VERSION = 5.0;
				TARGETED_DEVICE_FAMILY = "1,2";
			};
			name = Debug;
		};
		EBD781882C6521D10014E5A7 /* Release */ = {
			isa = XCBuildConfiguration;
			buildSettings = {
				ASSETCATALOG_COMPILER_APPICON_NAME = AppIcon;
				ASSETCATALOG_COMPILER_GLOBAL_ACCENT_COLOR_NAME = AccentColor;
				CODE_SIGN_STYLE = Automatic;
				CURRENT_PROJECT_VERSION = 1;
				DEVELOPMENT_ASSET_PATHS = "\"MiPrimeraApp/Preview Content\"";
				DEVELOPMENT_TEAM = XH9NTUSR26;
				ENABLE_PREVIEWS = YES;
				GENERATE_INFOPLIST_FILE = YES;
				INFOPLIST_KEY_UIApplicationSceneManifest_Generation = YES;
				INFOPLIST_KEY_UIApplicationSupportsIndirectInputEvents = YES;
				INFOPLIST_KEY_UILaunchScreen_Generation = YES;
				INFOPLIST_KEY_UISupportedInterfaceOrientations_iPad = "UIInterfaceOrientationPortrait UIInterfaceOrientationPortraitUpsideDown UIInterfaceOrientationLandscapeLeft UIInterfaceOrientationLandscapeRight";
				INFOPLIST_KEY_UISupportedInterfaceOrientations_iPhone = "UIInterfaceOrientationPortrait UIInterfaceOrientationLandscapeLeft UIInterfaceOrientationLandscapeRight";
				LD_RUNPATH_SEARCH_PATHS = (
					"$(inherited)",
					"@executable_path/Frameworks",
				);
				MARKETING_VERSION = 1.0;
				PRODUCT_BUNDLE_IDENTIFIER = tec.mx.MiPrimeraApp;
				PRODUCT_NAME = "$(TARGET_NAME)";
				SWIFT_EMIT_LOC_STRINGS = YES;
				SWIFT_VERSION = 5.0;
				TARGETED_DEVICE_FAMILY = "1,2";
			};
			name = Release;
		};
		EBD7818A2C6521D10014E5A7 /* Debug */ = {
			isa = XCBuildConfiguration;
			buildSettings = {
				ALWAYS_EMBED_SWIFT_STANDARD_LIBRARIES = YES;
				BUNDLE_LOADER = "$(TEST_HOST)";
				CODE_SIGN_STYLE = Automatic;
				CURRENT_PROJECT_VERSION = 1;
				DEVELOPMENT_TEAM = XH9NTUSR26;
				GENERATE_INFOPLIST_FILE = YES;
				IPHONEOS_DEPLOYMENT_TARGET = 17.5;
				MARKETING_VERSION = 1.0;
				PRODUCT_BUNDLE_IDENTIFIER = tec.mx.MiPrimeraAppTests;
				PRODUCT_NAME = "$(TARGET_NAME)";
				SWIFT_EMIT_LOC_STRINGS = NO;
				SWIFT_VERSION = 5.0;
				TARGETED_DEVICE_FAMILY = "1,2";
				TEST_HOST = "$(BUILT_PRODUCTS_DIR)/MiPrimeraApp.app/$(BUNDLE_EXECUTABLE_FOLDER_PATH)/MiPrimeraApp";
			};
			name = Debug;
		};
		EBD7818B2C6521D10014E5A7 /* Release */ = {
			isa = XCBuildConfiguration;
			buildSettings = {
				ALWAYS_EMBED_SWIFT_STANDARD_LIBRARIES = YES;
				BUNDLE_LOADER = "$(TEST_HOST)";
				CODE_SIGN_STYLE = Automatic;
				CURRENT_PROJECT_VERSION = 1;
				DEVELOPMENT_TEAM = XH9NTUSR26;
				GENERATE_INFOPLIST_FILE = YES;
				IPHONEOS_DEPLOYMENT_TARGET = 17.5;
				MARKETING_VERSION = 1.0;
				PRODUCT_BUNDLE_IDENTIFIER = tec.mx.MiPrimeraAppTests;
				PRODUCT_NAME = "$(TARGET_NAME)";
				SWIFT_EMIT_LOC_STRINGS = NO;
				SWIFT_VERSION = 5.0;
				TARGETED_DEVICE_FAMILY = "1,2";
				TEST_HOST = "$(BUILT_PRODUCTS_DIR)/MiPrimeraApp.app/$(BUNDLE_EXECUTABLE_FOLDER_PATH)/MiPrimeraApp";
			};
			name = Release;
		};
		EBD7818D2C6521D10014E5A7 /* Debug */ = {
			isa = XCBuildConfiguration;
			buildSettings = {
				ALWAYS_EMBED_SWIFT_STANDARD_LIBRARIES = YES;
				CODE_SIGN_STYLE = Automatic;
				CURRENT_PROJECT_VERSION = 1;
				DEVELOPMENT_TEAM = XH9NTUSR26;
				GENERATE_INFOPLIST_FILE = YES;
				MARKETING_VERSION = 1.0;
				PRODUCT_BUNDLE_IDENTIFIER = tec.mx.MiPrimeraAppUITests;
				PRODUCT_NAME = "$(TARGET_NAME)";
				SWIFT_EMIT_LOC_STRINGS = NO;
				SWIFT_VERSION = 5.0;
				TARGETED_DEVICE_FAMILY = "1,2";
				TEST_TARGET_NAME = MiPrimeraApp;
			};
			name = Debug;
		};
		EBD7818E2C6521D10014E5A7 /* Release */ = {
			isa = XCBuildConfiguration;
			buildSettings = {
				ALWAYS_EMBED_SWIFT_STANDARD_LIBRARIES = YES;
				CODE_SIGN_STYLE = Automatic;
				CURRENT_PROJECT_VERSION = 1;
				DEVELOPMENT_TEAM = XH9NTUSR26;
				GENERATE_INFOPLIST_FILE = YES;
				MARKETING_VERSION = 1.0;
				PRODUCT_BUNDLE_IDENTIFIER = tec.mx.MiPrimeraAppUITests;
				PRODUCT_NAME = "$(TARGET_NAME)";
				SWIFT_EMIT_LOC_STRINGS = NO;
				SWIFT_VERSION = 5.0;
				TARGETED_DEVICE_FAMILY = "1,2";
				TEST_TARGET_NAME = MiPrimeraApp;
			};
			name = Release;
		};
/* End XCBuildConfiguration section */

/* Begin XCConfigurationList section */
		EBD7815D2C6521D00014E5A7 /* Build configuration list for PBXProject "MiPrimeraApp" */ = {
			isa = XCConfigurationList;
			buildConfigurations = (
				EBD781842C6521D10014E5A7 /* Debug */,
				EBD781852C6521D10014E5A7 /* Release */,
			);
			defaultConfigurationIsVisible = 0;
			defaultConfigurationName = Release;
		};
		EBD781862C6521D10014E5A7 /* Build configuration list for PBXNativeTarget "MiPrimeraApp" */ = {
			isa = XCConfigurationList;
			buildConfigurations = (
				EBD781872C6521D10014E5A7 /* Debug */,
				EBD781882C6521D10014E5A7 /* Release */,
			);
			defaultConfigurationIsVisible = 0;
			defaultConfigurationName = Release;
		};
		EBD781892C6521D10014E5A7 /* Build configuration list for PBXNativeTarget "MiPrimeraAppTests" */ = {
			isa = XCConfigurationList;
			buildConfigurations = (
				EBD7818A2C6521D10014E5A7 /* Debug */,
				EBD7818B2C6521D10014E5A7 /* Release */,
			);
			defaultConfigurationIsVisible = 0;
			defaultConfigurationName = Release;
		};
		EBD7818C2C6521D10014E5A7 /* Build configuration list for PBXNativeTarget "MiPrimeraAppUITests" */ = {
			isa = XCConfigurationList;
			buildConfigurations = (
				EBD7818D2C6521D10014E5A7 /* Debug */,
				EBD7818E2C6521D10014E5A7 /* Release */,
			);
			defaultConfigurationIsVisible = 0;
			defaultConfigurationName = Release;
		};
/* End XCConfigurationList section */
	};
	rootObject = EBD7815A2C6521D00014E5A7 /* Project object */;
}
