// !$*UTF8*$!
{
	archiveVersion = 1;
	classes = {
	};
	objectVersion = 77;
	objects = {

/* Begin PBXContainerItemProxy section */
		EBF84A7C2CB97DF90033ADD8 /* PBXContainerItemProxy */ = {
			isa = PBXContainerItemProxy;
			containerPortal = EBF84A632CB97DF80033ADD8 /* Project object */;
			proxyType = 1;
			remoteGlobalIDString = EBF84A6A2CB97DF80033ADD8;
			remoteInfo = PruebasUnitariasTest;
		};
		EBF84A862CB97DF90033ADD8 /* PBXContainerItemProxy */ = {
			isa = PBXContainerItemProxy;
			containerPortal = EBF84A632CB97DF80033ADD8 /* Project object */;
			proxyType = 1;
			remoteGlobalIDString = EBF84A6A2CB97DF80033ADD8;
			remoteInfo = PruebasUnitariasTest;
		};
/* End PBXContainerItemProxy section */

/* Begin PBXFileReference section */
		EBF84A6B2CB97DF80033ADD8 /* PruebasUnitariasTest.app */ = {isa = PBXFileReference; explicitFileType = wrapper.application; includeInIndex = 0; path = PruebasUnitariasTest.app; sourceTree = BUILT_PRODUCTS_DIR; };
		EBF84A7B2CB97DF90033ADD8 /* PruebasUnitariasTestTests.xctest */ = {isa = PBXFileReference; explicitFileType = wrapper.cfbundle; includeInIndex = 0; path = PruebasUnitariasTestTests.xctest; sourceTree = BUILT_PRODUCTS_DIR; };
		EBF84A852CB97DF90033ADD8 /* PruebasUnitariasTestUITests.xctest */ = {isa = PBXFileReference; explicitFileType = wrapper.cfbundle; includeInIndex = 0; path = PruebasUnitariasTestUITests.xctest; sourceTree = BUILT_PRODUCTS_DIR; };
/* End PBXFileReference section */

/* Begin PBXFileSystemSynchronizedBuildFileExceptionSet section */
		EBF84A9A2CB97FC60033ADD8 /* Exceptions for "PruebasUnitariasTest" folder in "PruebasUnitariasTest" target */ = {
			isa = PBXFileSystemSynchronizedBuildFileExceptionSet;
			membershipExceptions = (
				Functions.swift,
			);
			target = EBF84A6A2CB97DF80033ADD8 /* PruebasUnitariasTest */;
		};
		EBF84A9B2CB97FC60033ADD8 /* Exceptions for "PruebasUnitariasTest" folder in "PruebasUnitariasTestTests" target */ = {
			isa = PBXFileSystemSynchronizedBuildFileExceptionSet;
			membershipExceptions = (
				Functions.swift,
			);
			target = EBF84A7A2CB97DF90033ADD8 /* PruebasUnitariasTestTests */;
		};
/* End PBXFileSystemSynchronizedBuildFileExceptionSet section */

/* Begin PBXFileSystemSynchronizedRootGroup section */
		EBF84A6D2CB97DF80033ADD8 /* PruebasUnitariasTest */ = {
			isa = PBXFileSystemSynchronizedRootGroup;
			exceptions = (
				EBF84A9A2CB97FC60033ADD8 /* Exceptions for "PruebasUnitariasTest" folder in "PruebasUnitariasTest" target */,
				EBF84A9B2CB97FC60033ADD8 /* Exceptions for "PruebasUnitariasTest" folder in "PruebasUnitariasTestTests" target */,
			);
			path = PruebasUnitariasTest;
			sourceTree = "<group>";
		};
		EBF84A7E2CB97DF90033ADD8 /* PruebasUnitariasTestTests */ = {
			isa = PBXFileSystemSynchronizedRootGroup;
			path = PruebasUnitariasTestTests;
			sourceTree = "<group>";
		};
		EBF84A882CB97DF90033ADD8 /* PruebasUnitariasTestUITests */ = {
			isa = PBXFileSystemSynchronizedRootGroup;
			path = PruebasUnitariasTestUITests;
			sourceTree = "<group>";
		};
/* End PBXFileSystemSynchronizedRootGroup section */

/* Begin PBXFrameworksBuildPhase section */
		EBF84A682CB97DF80033ADD8 /* Frameworks */ = {
			isa = PBXFrameworksBuildPhase;
			buildActionMask = 2147483647;
			files = (
			);
			runOnlyForDeploymentPostprocessing = 0;
		};
		EBF84A782CB97DF90033ADD8 /* Frameworks */ = {
			isa = PBXFrameworksBuildPhase;
			buildActionMask = 2147483647;
			files = (
			);
			runOnlyForDeploymentPostprocessing = 0;
		};
		EBF84A822CB97DF90033ADD8 /* Frameworks */ = {
			isa = PBXFrameworksBuildPhase;
			buildActionMask = 2147483647;
			files = (
			);
			runOnlyForDeploymentPostprocessing = 0;
		};
/* End PBXFrameworksBuildPhase section */

/* Begin PBXGroup section */
		EBF84A622CB97DF80033ADD8 = {
			isa = PBXGroup;
			children = (
				EBF84A6D2CB97DF80033ADD8 /* PruebasUnitariasTest */,
				EBF84A7E2CB97DF90033ADD8 /* PruebasUnitariasTestTests */,
				EBF84A882CB97DF90033ADD8 /* PruebasUnitariasTestUITests */,
				EBF84A6C2CB97DF80033ADD8 /* Products */,
			);
			sourceTree = "<group>";
		};
		EBF84A6C2CB97DF80033ADD8 /* Products */ = {
			isa = PBXGroup;
			children = (
				EBF84A6B2CB97DF80033ADD8 /* PruebasUnitariasTest.app */,
				EBF84A7B2CB97DF90033ADD8 /* PruebasUnitariasTestTests.xctest */,
				EBF84A852CB97DF90033ADD8 /* PruebasUnitariasTestUITests.xctest */,
			);
			name = Products;
			sourceTree = "<group>";
		};
/* End PBXGroup section */

/* Begin PBXNativeTarget section */
		EBF84A6A2CB97DF80033ADD8 /* PruebasUnitariasTest */ = {
			isa = PBXNativeTarget;
			buildConfigurationList = EBF84A8F2CB97DF90033ADD8 /* Build configuration list for PBXNativeTarget "PruebasUnitariasTest" */;
			buildPhases = (
				EBF84A672CB97DF80033ADD8 /* Sources */,
				EBF84A682CB97DF80033ADD8 /* Frameworks */,
				EBF84A692CB97DF80033ADD8 /* Resources */,
			);
			buildRules = (
			);
			dependencies = (
			);
			fileSystemSynchronizedGroups = (
				EBF84A6D2CB97DF80033ADD8 /* PruebasUnitariasTest */,
			);
			name = PruebasUnitariasTest;
			packageProductDependencies = (
			);
			productName = PruebasUnitariasTest;
			productReference = EBF84A6B2CB97DF80033ADD8 /* PruebasUnitariasTest.app */;
			productType = "com.apple.product-type.application";
		};
		EBF84A7A2CB97DF90033ADD8 /* PruebasUnitariasTestTests */ = {
			isa = PBXNativeTarget;
			buildConfigurationList = EBF84A922CB97DF90033ADD8 /* Build configuration list for PBXNativeTarget "PruebasUnitariasTestTests" */;
			buildPhases = (
				EBF84A772CB97DF90033ADD8 /* Sources */,
				EBF84A782CB97DF90033ADD8 /* Frameworks */,
				EBF84A792CB97DF90033ADD8 /* Resources */,
			);
			buildRules = (
			);
			dependencies = (
				EBF84A7D2CB97DF90033ADD8 /* PBXTargetDependency */,
			);
			fileSystemSynchronizedGroups = (
				EBF84A7E2CB97DF90033ADD8 /* PruebasUnitariasTestTests */,
			);
			name = PruebasUnitariasTestTests;
			packageProductDependencies = (
			);
			productName = PruebasUnitariasTestTests;
			productReference = EBF84A7B2CB97DF90033ADD8 /* PruebasUnitariasTestTests.xctest */;
			productType = "com.apple.product-type.bundle.unit-test";
		};
		EBF84A842CB97DF90033ADD8 /* PruebasUnitariasTestUITests */ = {
			isa = PBXNativeTarget;
			buildConfigurationList = EBF84A952CB97DF90033ADD8 /* Build configuration list for PBXNativeTarget "PruebasUnitariasTestUITests" */;
			buildPhases = (
				EBF84A812CB97DF90033ADD8 /* Sources */,
				EBF84A822CB97DF90033ADD8 /* Frameworks */,
				EBF84A832CB97DF90033ADD8 /* Resources */,
			);
			buildRules = (
			);
			dependencies = (
				EBF84A872CB97DF90033ADD8 /* PBXTargetDependency */,
			);
			fileSystemSynchronizedGroups = (
				EBF84A882CB97DF90033ADD8 /* PruebasUnitariasTestUITests */,
			);
			name = PruebasUnitariasTestUITests;
			packageProductDependencies = (
			);
			productName = PruebasUnitariasTestUITests;
			productReference = EBF84A852CB97DF90033ADD8 /* PruebasUnitariasTestUITests.xctest */;
			productType = "com.apple.product-type.bundle.ui-testing";
		};
/* End PBXNativeTarget section */

/* Begin PBXProject section */
		EBF84A632CB97DF80033ADD8 /* Project object */ = {
			isa = PBXProject;
			attributes = {
				BuildIndependentTargetsInParallel = 1;
				LastSwiftUpdateCheck = 1600;
				LastUpgradeCheck = 1600;
				TargetAttributes = {
					EBF84A6A2CB97DF80033ADD8 = {
						CreatedOnToolsVersion = 16.0;
					};
					EBF84A7A2CB97DF90033ADD8 = {
						CreatedOnToolsVersion = 16.0;
						TestTargetID = EBF84A6A2CB97DF80033ADD8;
					};
					EBF84A842CB97DF90033ADD8 = {
						CreatedOnToolsVersion = 16.0;
						TestTargetID = EBF84A6A2CB97DF80033ADD8;
					};
				};
			};
			buildConfigurationList = EBF84A662CB97DF80033ADD8 /* Build configuration list for PBXProject "PruebasUnitariasTest" */;
			developmentRegion = en;
			hasScannedForEncodings = 0;
			knownRegions = (
				en,
				Base,
			);
			mainGroup = EBF84A622CB97DF80033ADD8;
			minimizedProjectReferenceProxies = 1;
			preferredProjectObjectVersion = 77;
			productRefGroup = EBF84A6C2CB97DF80033ADD8 /* Products */;
			projectDirPath = "";
			projectRoot = "";
			targets = (
				EBF84A6A2CB97DF80033ADD8 /* PruebasUnitariasTest */,
				EBF84A7A2CB97DF90033ADD8 /* PruebasUnitariasTestTests */,
				EBF84A842CB97DF90033ADD8 /* PruebasUnitariasTestUITests */,
			);
		};
/* End PBXProject section */

/* Begin PBXResourcesBuildPhase section */
		EBF84A692CB97DF80033ADD8 /* Resources */ = {
			isa = PBXResourcesBuildPhase;
			buildActionMask = 2147483647;
			files = (
			);
			runOnlyForDeploymentPostprocessing = 0;
		};
		EBF84A792CB97DF90033ADD8 /* Resources */ = {
			isa = PBXResourcesBuildPhase;
			buildActionMask = 2147483647;
			files = (
			);
			runOnlyForDeploymentPostprocessing = 0;
		};
		EBF84A832CB97DF90033ADD8 /* Resources */ = {
			isa = PBXResourcesBuildPhase;
			buildActionMask = 2147483647;
			files = (
			);
			runOnlyForDeploymentPostprocessing = 0;
		};
/* End PBXResourcesBuildPhase section */

/* Begin PBXSourcesBuildPhase section */
		EBF84A672CB97DF80033ADD8 /* Sources */ = {
			isa = PBXSourcesBuildPhase;
			buildActionMask = 2147483647;
			files = (
			);
			runOnlyForDeploymentPostprocessing = 0;
		};
		EBF84A772CB97DF90033ADD8 /* Sources */ = {
			isa = PBXSourcesBuildPhase;
			buildActionMask = 2147483647;
			files = (
			);
			runOnlyForDeploymentPostprocessing = 0;
		};
		EBF84A812CB97DF90033ADD8 /* Sources */ = {
			isa = PBXSourcesBuildPhase;
			buildActionMask = 2147483647;
			files = (
			);
			runOnlyForDeploymentPostprocessing = 0;
		};
/* End PBXSourcesBuildPhase section */

/* Begin PBXTargetDependency section */
		EBF84A7D2CB97DF90033ADD8 /* PBXTargetDependency */ = {
			isa = PBXTargetDependency;
			target = EBF84A6A2CB97DF80033ADD8 /* PruebasUnitariasTest */;
			targetProxy = EBF84A7C2CB97DF90033ADD8 /* PBXContainerItemProxy */;
		};
		EBF84A872CB97DF90033ADD8 /* PBXTargetDependency */ = {
			isa = PBXTargetDependency;
			target = EBF84A6A2CB97DF80033ADD8 /* PruebasUnitariasTest */;
			targetProxy = EBF84A862CB97DF90033ADD8 /* PBXContainerItemProxy */;
		};
/* End PBXTargetDependency section */

/* Begin XCBuildConfiguration section */
		EBF84A8D2CB97DF90033ADD8 /* Debug */ = {
			isa = XCBuildConfiguration;
			buildSettings = {
				ALWAYS_SEARCH_USER_PATHS = NO;
				ASSETCATALOG_COMPILER_GENERATE_SWIFT_ASSET_SYMBOL_EXTENSIONS = YES;
				CLANG_ANALYZER_NONNULL = YES;
				CLANG_ANALYZER_NUMBER_OBJECT_CONVERSION = YES_AGGRESSIVE;
				CLANG_CXX_LANGUAGE_STANDARD = "gnu++20";
				CLANG_ENABLE_MODULES = YES;
				CLANG_ENABLE_OBJC_ARC = YES;
				CLANG_ENABLE_OBJC_WEAK = YES;
				CLANG_WARN_BLOCK_CAPTURE_AUTORELEASING = YES;
				CLANG_WARN_BOOL_CONVERSION = YES;
				CLANG_WARN_COMMA = YES;
				CLANG_WARN_CONSTANT_CONVERSION = YES;
				CLANG_WARN_DEPRECATED_OBJC_IMPLEMENTATIONS = YES;
				CLANG_WARN_DIRECT_OBJC_ISA_USAGE = YES_ERROR;
				CLANG_WARN_DOCUMENTATION_COMMENTS = YES;
				CLANG_WARN_EMPTY_BODY = YES;
				CLANG_WARN_ENUM_CONVERSION = YES;
				CLANG_WARN_INFINITE_RECURSION = YES;
				CLANG_WARN_INT_CONVERSION = YES;
				CLANG_WARN_NON_LITERAL_NULL_CONVERSION = YES;
				CLANG_WARN_OBJC_IMPLICIT_RETAIN_SELF = YES;
				CLANG_WARN_OBJC_LITERAL_CONVERSION = YES;
				CLANG_WARN_OBJC_ROOT_CLASS = YES_ERROR;
				CLANG_WARN_QUOTED_INCLUDE_IN_FRAMEWORK_HEADER = YES;
				CLANG_WARN_RANGE_LOOP_ANALYSIS = YES;
				CLANG_WARN_STRICT_PROTOTYPES = YES;
				CLANG_WARN_SUSPICIOUS_MOVE = YES;
				CLANG_WARN_UNGUARDED_AVAILABILITY = YES_AGGRESSIVE;
				CLANG_WARN_UNREACHABLE_CODE = YES;
				CLANG_WARN__DUPLICATE_METHOD_MATCH = YES;
				COPY_PHASE_STRIP = NO;
				DEBUG_INFORMATION_FORMAT = dwarf;
				ENABLE_STRICT_OBJC_MSGSEND = YES;
				ENABLE_TESTABILITY = YES;
				ENABLE_USER_SCRIPT_SANDBOXING = YES;
				GCC_C_LANGUAGE_STANDARD = gnu17;
				GCC_DYNAMIC_NO_PIC = NO;
				GCC_NO_COMMON_BLOCKS = YES;
				GCC_OPTIMIZATION_LEVEL = 0;
				GCC_PREPROCESSOR_DEFINITIONS = (
					"DEBUG=1",
					"$(inherited)",
				);
				GCC_WARN_64_TO_32_BIT_CONVERSION = YES;
				GCC_WARN_ABOUT_RETURN_TYPE = YES_ERROR;
				GCC_WARN_UNDECLARED_SELECTOR = YES;
				GCC_WARN_UNINITIALIZED_AUTOS = YES_AGGRESSIVE;
				GCC_WARN_UNUSED_FUNCTION = YES;
				GCC_WARN_UNUSED_VARIABLE = YES;
				IPHONEOS_DEPLOYMENT_TARGET = 18.0;
				LOCALIZATION_PREFERS_STRING_CATALOGS = YES;
				MTL_ENABLE_DEBUG_INFO = INCLUDE_SOURCE;
				MTL_FAST_MATH = YES;
				ONLY_ACTIVE_ARCH = YES;
				SDKROOT = iphoneos;
				SWIFT_ACTIVE_COMPILATION_CONDITIONS = "DEBUG $(inherited)";
				SWIFT_OPTIMIZATION_LEVEL = "-Onone";
			};
			name = Debug;
		};
		EBF84A8E2CB97DF90033ADD8 /* Release */ = {
			isa = XCBuildConfiguration;
			buildSettings = {
				ALWAYS_SEARCH_USER_PATHS = NO;
				ASSETCATALOG_COMPILER_GENERATE_SWIFT_ASSET_SYMBOL_EXTENSIONS = YES;
				CLANG_ANALYZER_NONNULL = YES;
				CLANG_ANALYZER_NUMBER_OBJECT_CONVERSION = YES_AGGRESSIVE;
				CLANG_CXX_LANGUAGE_STANDARD = "gnu++20";
				CLANG_ENABLE_MODULES = YES;
				CLANG_ENABLE_OBJC_ARC = YES;
				CLANG_ENABLE_OBJC_WEAK = YES;
				CLANG_WARN_BLOCK_CAPTURE_AUTORELEASING = YES;
				CLANG_WARN_BOOL_CONVERSION = YES;
				CLANG_WARN_COMMA = YES;
				CLANG_WARN_CONSTANT_CONVERSION = YES;
				CLANG_WARN_DEPRECATED_OBJC_IMPLEMENTATIONS = YES;
				CLANG_WARN_DIRECT_OBJC_ISA_USAGE = YES_ERROR;
				CLANG_WARN_DOCUMENTATION_COMMENTS = YES;
				CLANG_WARN_EMPTY_BODY = YES;
				CLANG_WARN_ENUM_CONVERSION = YES;
				CLANG_WARN_INFINITE_RECURSION = YES;
				CLANG_WARN_INT_CONVERSION = YES;
				CLANG_WARN_NON_LITERAL_NULL_CONVERSION = YES;
				CLANG_WARN_OBJC_IMPLICIT_RETAIN_SELF = YES;
				CLANG_WARN_OBJC_LITERAL_CONVERSION = YES;
				CLANG_WARN_OBJC_ROOT_CLASS = YES_ERROR;
				CLANG_WARN_QUOTED_INCLUDE_IN_FRAMEWORK_HEADER = YES;
				CLANG_WARN_RANGE_LOOP_ANALYSIS = YES;
				CLANG_WARN_STRICT_PROTOTYPES = YES;
				CLANG_WARN_SUSPICIOUS_MOVE = YES;
				CLANG_WARN_UNGUARDED_AVAILABILITY = YES_AGGRESSIVE;
				CLANG_WARN_UNREACHABLE_CODE = YES;
				CLANG_WARN__DUPLICATE_METHOD_MATCH = YES;
				COPY_PHASE_STRIP = NO;
				DEBUG_INFORMATION_FORMAT = "dwarf-with-dsym";
				ENABLE_NS_ASSERTIONS = NO;
				ENABLE_STRICT_OBJC_MSGSEND = YES;
				ENABLE_USER_SCRIPT_SANDBOXING = YES;
				GCC_C_LANGUAGE_STANDARD = gnu17;
				GCC_NO_COMMON_BLOCKS = YES;
				GCC_WARN_64_TO_32_BIT_CONVERSION = YES;
				GCC_WARN_ABOUT_RETURN_TYPE = YES_ERROR;
				GCC_WARN_UNDECLARED_SELECTOR = YES;
				GCC_WARN_UNINITIALIZED_AUTOS = YES_AGGRESSIVE;
				GCC_WARN_UNUSED_FUNCTION = YES;
				GCC_WARN_UNUSED_VARIABLE = YES;
				IPHONEOS_DEPLOYMENT_TARGET = 18.0;
				LOCALIZATION_PREFERS_STRING_CATALOGS = YES;
				MTL_ENABLE_DEBUG_INFO = NO;
				MTL_FAST_MATH = YES;
				SDKROOT = iphoneos;
				SWIFT_COMPILATION_MODE = wholemodule;
				VALIDATE_PRODUCT = YES;
			};
			name = Release;
		};
		EBF84A902CB97DF90033ADD8 /* Debug */ = {
			isa = XCBuildConfiguration;
			buildSettings = {
				ASSETCATALOG_COMPILER_APPICON_NAME = AppIcon;
				ASSETCATALOG_COMPILER_GLOBAL_ACCENT_COLOR_NAME = AccentColor;
				CODE_SIGN_STYLE = Automatic;
				CURRENT_PROJECT_VERSION = 1;
				DEVELOPMENT_ASSET_PATHS = "\"PruebasUnitariasTest/Preview Content\"";
				DEVELOPMENT_TEAM = XH9NTUSR26;
				ENABLE_PREVIEWS = YES;
				GENERATE_INFOPLIST_FILE = YES;
				INFOPLIST_KEY_UIApplicationSceneManifest_Generation = YES;
				INFOPLIST_KEY_UIApplicationSupportsIndirectInputEvents = YES;
				INFOPLIST_KEY_UILaunchScreen_Generation = YES;
				INFOPLIST_KEY_UISupportedInterfaceOrientations_iPad = "UIInterfaceOrientationPortrait UIInterfaceOrientationPortraitUpsideDown UIInterfaceOrientationLandscapeLeft UIInterfaceOrientationLandscapeRight";
				INFOPLIST_KEY_UISupportedInterfaceOrientations_iPhone = "UIInterfaceOrientationPortrait UIInterfaceOrientationLandscapeLeft UIInterfaceOrientationLandscapeRight";
				LD_RUNPATH_SEARCH_PATHS = (
					"$(inherited)",
					"@executable_path/Frameworks",
				);
				MARKETING_VERSION = 1.0;
				PRODUCT_BUNDLE_IDENTIFIER = tec.mx.PruebasUnitariasTest;
				PRODUCT_NAME = "$(TARGET_NAME)";
				SWIFT_EMIT_LOC_STRINGS = YES;
				SWIFT_VERSION = 5.0;
				TARGETED_DEVICE_FAMILY = "1,2";
			};
			name = Debug;
		};
		EBF84A912CB97DF90033ADD8 /* Release */ = {
			isa = XCBuildConfiguration;
			buildSettings = {
				ASSETCATALOG_COMPILER_APPICON_NAME = AppIcon;
				ASSETCATALOG_COMPILER_GLOBAL_ACCENT_COLOR_NAME = AccentColor;
				CODE_SIGN_STYLE = Automatic;
				CURRENT_PROJECT_VERSION = 1;
				DEVELOPMENT_ASSET_PATHS = "\"PruebasUnitariasTest/Preview Content\"";
				DEVELOPMENT_TEAM = XH9NTUSR26;
				ENABLE_PREVIEWS = YES;
				GENERATE_INFOPLIST_FILE = YES;
				INFOPLIST_KEY_UIApplicationSceneManifest_Generation = YES;
				INFOPLIST_KEY_UIApplicationSupportsIndirectInputEvents = YES;
				INFOPLIST_KEY_UILaunchScreen_Generation = YES;
				INFOPLIST_KEY_UISupportedInterfaceOrientations_iPad = "UIInterfaceOrientationPortrait UIInterfaceOrientationPortraitUpsideDown UIInterfaceOrientationLandscapeLeft UIInterfaceOrientationLandscapeRight";
				INFOPLIST_KEY_UISupportedInterfaceOrientations_iPhone = "UIInterfaceOrientationPortrait UIInterfaceOrientationLandscapeLeft UIInterfaceOrientationLandscapeRight";
				LD_RUNPATH_SEARCH_PATHS = (
					"$(inherited)",
					"@executable_path/Frameworks",
				);
				MARKETING_VERSION = 1.0;
				PRODUCT_BUNDLE_IDENTIFIER = tec.mx.PruebasUnitariasTest;
				PRODUCT_NAME = "$(TARGET_NAME)";
				SWIFT_EMIT_LOC_STRINGS = YES;
				SWIFT_VERSION = 5.0;
				TARGETED_DEVICE_FAMILY = "1,2";
			};
			name = Release;
		};
		EBF84A932CB97DF90033ADD8 /* Debug */ = {
			isa = XCBuildConfiguration;
			buildSettings = {
				BUNDLE_LOADER = "$(TEST_HOST)";
				CODE_SIGN_STYLE = Automatic;
				CURRENT_PROJECT_VERSION = 1;
				DEVELOPMENT_TEAM = XH9NTUSR26;
				GENERATE_INFOPLIST_FILE = YES;
				IPHONEOS_DEPLOYMENT_TARGET = 18.0;
				MARKETING_VERSION = 1.0;
				PRODUCT_BUNDLE_IDENTIFIER = tec.mx.PruebasUnitariasTestTests;
				PRODUCT_NAME = "$(TARGET_NAME)";
				SWIFT_EMIT_LOC_STRINGS = NO;
				SWIFT_VERSION = 5.0;
				TARGETED_DEVICE_FAMILY = "1,2";
				TEST_HOST = "$(BUILT_PRODUCTS_DIR)/PruebasUnitariasTest.app/$(BUNDLE_EXECUTABLE_FOLDER_PATH)/PruebasUnitariasTest";
			};
			name = Debug;
		};
		EBF84A942CB97DF90033ADD8 /* Release */ = {
			isa = XCBuildConfiguration;
			buildSettings = {
				BUNDLE_LOADER = "$(TEST_HOST)";
				CODE_SIGN_STYLE = Automatic;
				CURRENT_PROJECT_VERSION = 1;
				DEVELOPMENT_TEAM = XH9NTUSR26;
				GENERATE_INFOPLIST_FILE = YES;
				IPHONEOS_DEPLOYMENT_TARGET = 18.0;
				MARKETING_VERSION = 1.0;
				PRODUCT_BUNDLE_IDENTIFIER = tec.mx.PruebasUnitariasTestTests;
				PRODUCT_NAME = "$(TARGET_NAME)";
				SWIFT_EMIT_LOC_STRINGS = NO;
				SWIFT_VERSION = 5.0;
				TARGETED_DEVICE_FAMILY = "1,2";
				TEST_HOST = "$(BUILT_PRODUCTS_DIR)/PruebasUnitariasTest.app/$(BUNDLE_EXECUTABLE_FOLDER_PATH)/PruebasUnitariasTest";
			};
			name = Release;
		};
		EBF84A962CB97DF90033ADD8 /* Debug */ = {
			isa = XCBuildConfiguration;
			buildSettings = {
				CODE_SIGN_STYLE = Automatic;
				CURRENT_PROJECT_VERSION = 1;
				DEVELOPMENT_TEAM = XH9NTUSR26;
				GENERATE_INFOPLIST_FILE = YES;
				MARKETING_VERSION = 1.0;
				PRODUCT_BUNDLE_IDENTIFIER = tec.mx.PruebasUnitariasTestUITests;
				PRODUCT_NAME = "$(TARGET_NAME)";
				SWIFT_EMIT_LOC_STRINGS = NO;
				SWIFT_VERSION = 5.0;
				TARGETED_DEVICE_FAMILY = "1,2";
				TEST_TARGET_NAME = PruebasUnitariasTest;
			};
			name = Debug;
		};
		EBF84A972CB97DF90033ADD8 /* Release */ = {
			isa = XCBuildConfiguration;
			buildSettings = {
				CODE_SIGN_STYLE = Automatic;
				CURRENT_PROJECT_VERSION = 1;
				DEVELOPMENT_TEAM = XH9NTUSR26;
				GENERATE_INFOPLIST_FILE = YES;
				MARKETING_VERSION = 1.0;
				PRODUCT_BUNDLE_IDENTIFIER = tec.mx.PruebasUnitariasTestUITests;
				PRODUCT_NAME = "$(TARGET_NAME)";
				SWIFT_EMIT_LOC_STRINGS = NO;
				SWIFT_VERSION = 5.0;
				TARGETED_DEVICE_FAMILY = "1,2";
				TEST_TARGET_NAME = PruebasUnitariasTest;
			};
			name = Release;
		};
/* End XCBuildConfiguration section */

/* Begin XCConfigurationList section */
		EBF84A662CB97DF80033ADD8 /* Build configuration list for PBXProject "PruebasUnitariasTest" */ = {
			isa = XCConfigurationList;
			buildConfigurations = (
				EBF84A8D2CB97DF90033ADD8 /* Debug */,
				EBF84A8E2CB97DF90033ADD8 /* Release */,
			);
			defaultConfigurationIsVisible = 0;
			defaultConfigurationName = Release;
		};
		EBF84A8F2CB97DF90033ADD8 /* Build configuration list for PBXNativeTarget "PruebasUnitariasTest" */ = {
			isa = XCConfigurationList;
			buildConfigurations = (
				EBF84A902CB97DF90033ADD8 /* Debug */,
				EBF84A912CB97DF90033ADD8 /* Release */,
			);
			defaultConfigurationIsVisible = 0;
			defaultConfigurationName = Release;
		};
		EBF84A922CB97DF90033ADD8 /* Build configuration list for PBXNativeTarget "PruebasUnitariasTestTests" */ = {
			isa = XCConfigurationList;
			buildConfigurations = (
				EBF84A932CB97DF90033ADD8 /* Debug */,
				EBF84A942CB97DF90033ADD8 /* Release */,
			);
			defaultConfigurationIsVisible = 0;
			defaultConfigurationName = Release;
		};
		EBF84A952CB97DF90033ADD8 /* Build configuration list for PBXNativeTarget "PruebasUnitariasTestUITests" */ = {
			isa = XCConfigurationList;
			buildConfigurations = (
				EBF84A962CB97DF90033ADD8 /* Debug */,
				EBF84A972CB97DF90033ADD8 /* Release */,
			);
			defaultConfigurationIsVisible = 0;
			defaultConfigurationName = Release;
		};
/* End XCConfigurationList section */
	};
	rootObject = EBF84A632CB97DF80033ADD8 /* Project object */;
}
